// !$*UTF8*$!
{
	archiveVersion = 1;
	classes = {
	};
	objectVersion = 46;
	objects = {

/* Begin PBXBuildFile section */
		37A5C6CF5249309A3381C918 /* libPods-CocoaPodsExample.a in Frameworks */ = {isa = PBXBuildFile; fileRef = 17D65E8A64ED000658021B8C /* libPods-CocoaPodsExample.a */; };
		DE5AF19A1B4DC53E006F2210 /* SimpleButtonExampleViewController.m in Sources */ = {isa = PBXBuildFile; fileRef = DE5AF1951B4DC53E006F2210 /* SimpleButtonExampleViewController.m */; };
		DE5AF19B1B4DC53E006F2210 /* TableCellButtonExampleViewController.m in Sources */ = {isa = PBXBuildFile; fileRef = DE5AF1981B4DC53E006F2210 /* TableCellButtonExampleViewController.m */; };
		DEC2AAD91ADC278900ED8393 /* main.m in Sources */ = {isa = PBXBuildFile; fileRef = DEC2AAD81ADC278900ED8393 /* main.m */; };
		DEC2AADC1ADC278900ED8393 /* AppDelegate.m in Sources */ = {isa = PBXBuildFile; fileRef = DEC2AADB1ADC278900ED8393 /* AppDelegate.m */; };
		DEC2AAE21ADC278900ED8393 /* Main.storyboard in Resources */ = {isa = PBXBuildFile; fileRef = DEC2AAE01ADC278900ED8393 /* Main.storyboard */; };
		DEC2AAE41ADC278900ED8393 /* Images.xcassets in Resources */ = {isa = PBXBuildFile; fileRef = DEC2AAE31ADC278900ED8393 /* Images.xcassets */; };
		DEEA2F9C1B4DB8480009380F /* LaunchScreen.xib in Resources */ = {isa = PBXBuildFile; fileRef = DEEA2F9B1B4DB8480009380F /* LaunchScreen.xib */; };
/* End PBXBuildFile section */

/* Begin PBXFileReference section */
		17D65E8A64ED000658021B8C /* libPods-CocoaPodsExample.a */ = {isa = PBXFileReference; explicitFileType = archive.ar; includeInIndex = 0; path = "libPods-CocoaPodsExample.a"; sourceTree = BUILT_PRODUCTS_DIR; };
		3CD3966F4477B42888FEDF03 /* Pods-CocoaPodsExample.qa.xcconfig */ = {isa = PBXFileReference; includeInIndex = 1; lastKnownFileType = text.xcconfig; name = "Pods-CocoaPodsExample.qa.xcconfig"; path = "Pods/Target Support Files/Pods-CocoaPodsExample/Pods-CocoaPodsExample.qa.xcconfig"; sourceTree = "<group>"; };
		46FAE53A0679082440022360 /* Pods-CocoaPodsExample.debug.xcconfig */ = {isa = PBXFileReference; includeInIndex = 1; lastKnownFileType = text.xcconfig; name = "Pods-CocoaPodsExample.debug.xcconfig"; path = "Pods/Target Support Files/Pods-CocoaPodsExample/Pods-CocoaPodsExample.debug.xcconfig"; sourceTree = "<group>"; };
		DE5AF1941B4DC53E006F2210 /* SimpleButtonExampleViewController.h */ = {isa = PBXFileReference; fileEncoding = 4; lastKnownFileType = sourcecode.c.h; name = SimpleButtonExampleViewController.h; path = "../Example-Source/Simple Button/SimpleButtonExampleViewController.h"; sourceTree = SOURCE_ROOT; };
		DE5AF1951B4DC53E006F2210 /* SimpleButtonExampleViewController.m */ = {isa = PBXFileReference; fileEncoding = 4; lastKnownFileType = sourcecode.c.objc; name = SimpleButtonExampleViewController.m; path = "../Example-Source/Simple Button/SimpleButtonExampleViewController.m"; sourceTree = SOURCE_ROOT; };
		DE5AF1971B4DC53E006F2210 /* TableCellButtonExampleViewController.h */ = {isa = PBXFileReference; fileEncoding = 4; lastKnownFileType = sourcecode.c.h; name = TableCellButtonExampleViewController.h; path = "../Example-Source/Table Cell Button/TableCellButtonExampleViewController.h"; sourceTree = SOURCE_ROOT; };
		DE5AF1981B4DC53E006F2210 /* TableCellButtonExampleViewController.m */ = {isa = PBXFileReference; fileEncoding = 4; lastKnownFileType = sourcecode.c.objc; name = TableCellButtonExampleViewController.m; path = "../Example-Source/Table Cell Button/TableCellButtonExampleViewController.m"; sourceTree = SOURCE_ROOT; };
		DEC2AAD31ADC278900ED8393 /* CocoaPodsExample.app */ = {isa = PBXFileReference; explicitFileType = wrapper.application; includeInIndex = 0; path = CocoaPodsExample.app; sourceTree = BUILT_PRODUCTS_DIR; };
		DEC2AAD71ADC278900ED8393 /* Info.plist */ = {isa = PBXFileReference; lastKnownFileType = text.plist.xml; name = Info.plist; path = ../../Info.plist; sourceTree = SOURCE_ROOT; };
		DEC2AAD81ADC278900ED8393 /* main.m */ = {isa = PBXFileReference; lastKnownFileType = sourcecode.c.objc; name = main.m; path = "../Example-Source/main.m"; sourceTree = SOURCE_ROOT; };
		DEC2AADA1ADC278900ED8393 /* AppDelegate.h */ = {isa = PBXFileReference; lastKnownFileType = sourcecode.c.h; name = AppDelegate.h; path = "../Example-Source/AppDelegate.h"; sourceTree = SOURCE_ROOT; };
		DEC2AADB1ADC278900ED8393 /* AppDelegate.m */ = {isa = PBXFileReference; lastKnownFileType = sourcecode.c.objc; name = AppDelegate.m; path = "../Example-Source/AppDelegate.m"; sourceTree = SOURCE_ROOT; };
		DEC2AAE11ADC278900ED8393 /* Base */ = {isa = PBXFileReference; lastKnownFileType = file.storyboard; name = Base; path = Base.lproj/Main.storyboard; sourceTree = "<group>"; };
		DEC2AAE31ADC278900ED8393 /* Images.xcassets */ = {isa = PBXFileReference; lastKnownFileType = folder.assetcatalog; name = Images.xcassets; path = "../Example-Source/Images.xcassets"; sourceTree = SOURCE_ROOT; };
		DEEA2F9B1B4DB8480009380F /* LaunchScreen.xib */ = {isa = PBXFileReference; fileEncoding = 4; lastKnownFileType = file.xib; path = LaunchScreen.xib; sourceTree = SOURCE_ROOT; };
		E5E0162BD8EFE5B07C4FC9F2 /* Pods-CocoaPodsExample.release.xcconfig */ = {isa = PBXFileReference; includeInIndex = 1; lastKnownFileType = text.xcconfig; name = "Pods-CocoaPodsExample.release.xcconfig"; path = "Pods/Target Support Files/Pods-CocoaPodsExample/Pods-CocoaPodsExample.release.xcconfig"; sourceTree = "<group>"; };
/* End PBXFileReference section */

/* Begin PBXFrameworksBuildPhase section */
		DEC2AAD01ADC278900ED8393 /* Frameworks */ = {
			isa = PBXFrameworksBuildPhase;
			buildActionMask = 2147483647;
			files = (
				37A5C6CF5249309A3381C918 /* libPods-CocoaPodsExample.a in Frameworks */,
			);
			runOnlyForDeploymentPostprocessing = 0;
		};
/* End PBXFrameworksBuildPhase section */

/* Begin PBXGroup section */
		022C4835A500B1C32EE90741 /* Frameworks */ = {
			isa = PBXGroup;
			children = (
				17D65E8A64ED000658021B8C /* libPods-CocoaPodsExample.a */,
			);
			name = Frameworks;
			sourceTree = "<group>";
		};
		44FA8B2C489E283C75677840 /* Pods */ = {
			isa = PBXGroup;
			children = (
				46FAE53A0679082440022360 /* Pods-CocoaPodsExample.debug.xcconfig */,
				3CD3966F4477B42888FEDF03 /* Pods-CocoaPodsExample.qa.xcconfig */,
				E5E0162BD8EFE5B07C4FC9F2 /* Pods-CocoaPodsExample.release.xcconfig */,
			);
			name = Pods;
			sourceTree = "<group>";
		};
		DE5AF1931B4DC53E006F2210 /* Simple Button */ = {
			isa = PBXGroup;
			children = (
				DE5AF1941B4DC53E006F2210 /* SimpleButtonExampleViewController.h */,
				DE5AF1951B4DC53E006F2210 /* SimpleButtonExampleViewController.m */,
			);
			name = "Simple Button";
			path = "../../Example-Source/Simple Button";
			sourceTree = "<group>";
		};
		DE5AF1961B4DC53E006F2210 /* Table Cell Button */ = {
			isa = PBXGroup;
			children = (
				DE5AF1971B4DC53E006F2210 /* TableCellButtonExampleViewController.h */,
				DE5AF1981B4DC53E006F2210 /* TableCellButtonExampleViewController.m */,
			);
			name = "Table Cell Button";
			path = "../../Example-Source/Table Cell Button";
			sourceTree = "<group>";
		};
		DEC2AACA1ADC278900ED8393 = {
			isa = PBXGroup;
			children = (
				DEC2AAD51ADC278900ED8393 /* Button CocoaPods Example */,
				DEC2AAD41ADC278900ED8393 /* Products */,
				44FA8B2C489E283C75677840 /* Pods */,
				022C4835A500B1C32EE90741 /* Frameworks */,
			);
			sourceTree = "<group>";
		};
		DEC2AAD41ADC278900ED8393 /* Products */ = {
			isa = PBXGroup;
			children = (
				DEC2AAD31ADC278900ED8393 /* CocoaPodsExample.app */,
			);
			name = Products;
			sourceTree = "<group>";
		};
		DEC2AAD51ADC278900ED8393 /* Button CocoaPods Example */ = {
			isa = PBXGroup;
			children = (
				DEC2AADA1ADC278900ED8393 /* AppDelegate.h */,
				DEC2AADB1ADC278900ED8393 /* AppDelegate.m */,
				DEC2AAE01ADC278900ED8393 /* Main.storyboard */,
				DE5AF1931B4DC53E006F2210 /* Simple Button */,
				DE5AF1961B4DC53E006F2210 /* Table Cell Button */,
				DEC2AAD61ADC278900ED8393 /* Supporting Files */,
			);
			name = "Button CocoaPods Example";
			path = "Button-CocoaPods";
			sourceTree = "<group>";
		};
		DEC2AAD61ADC278900ED8393 /* Supporting Files */ = {
			isa = PBXGroup;
			children = (
				DEC2AAE31ADC278900ED8393 /* Images.xcassets */,
				DEEA2F9B1B4DB8480009380F /* LaunchScreen.xib */,
				DEC2AAD71ADC278900ED8393 /* Info.plist */,
				DEC2AAD81ADC278900ED8393 /* main.m */,
			);
			name = "Supporting Files";
			sourceTree = "<group>";
		};
/* End PBXGroup section */

/* Begin PBXNativeTarget section */
		DEC2AAD21ADC278900ED8393 /* CocoaPodsExample */ = {
			isa = PBXNativeTarget;
			buildConfigurationList = DEC2AAF61ADC278900ED8393 /* Build configuration list for PBXNativeTarget "CocoaPodsExample" */;
			buildPhases = (
				7B1B4959D11081064A3A8595 /* [CP] Check Pods Manifest.lock */,
				DE9327B71BF4684800F86EAD /* QA Setup */,
				DEC2AACF1ADC278900ED8393 /* Sources */,
				DEC2AAD01ADC278900ED8393 /* Frameworks */,
				DEC2AAD11ADC278900ED8393 /* Resources */,
				37CF1CB77B0EBC14E1C124C3 /* [CP] Copy Pods Resources */,
				105FF43D3D45D5F641415F4C /* [CP] Embed Pods Frameworks */,
			);
			buildRules = (
			);
			dependencies = (
			);
			name = CocoaPodsExample;
			productName = "Button-CocoaPods-Example";
			productReference = DEC2AAD31ADC278900ED8393 /* CocoaPodsExample.app */;
			productType = "com.apple.product-type.application";
		};
/* End PBXNativeTarget section */

/* Begin PBXProject section */
		DEC2AACB1ADC278900ED8393 /* Project object */ = {
			isa = PBXProject;
			attributes = {
				LastUpgradeCheck = 0800;
				ORGANIZATIONNAME = "Button, Inc";
				TargetAttributes = {
					DEC2AAD21ADC278900ED8393 = {
						CreatedOnToolsVersion = 6.2;
					};
				};
			};
			buildConfigurationList = DEC2AACE1ADC278900ED8393 /* Build configuration list for PBXProject "CocoaPodsExample" */;
			compatibilityVersion = "Xcode 3.2";
			developmentRegion = English;
			hasScannedForEncodings = 0;
			knownRegions = (
				en,
				Base,
			);
			mainGroup = DEC2AACA1ADC278900ED8393;
			productRefGroup = DEC2AAD41ADC278900ED8393 /* Products */;
			projectDirPath = "";
			projectRoot = "";
			targets = (
				DEC2AAD21ADC278900ED8393 /* CocoaPodsExample */,
			);
		};
/* End PBXProject section */

/* Begin PBXResourcesBuildPhase section */
		DEC2AAD11ADC278900ED8393 /* Resources */ = {
			isa = PBXResourcesBuildPhase;
			buildActionMask = 2147483647;
			files = (
				DEC2AAE21ADC278900ED8393 /* Main.storyboard in Resources */,
				DEEA2F9C1B4DB8480009380F /* LaunchScreen.xib in Resources */,
				DEC2AAE41ADC278900ED8393 /* Images.xcassets in Resources */,
			);
			runOnlyForDeploymentPostprocessing = 0;
		};
/* End PBXResourcesBuildPhase section */

/* Begin PBXShellScriptBuildPhase section */
		105FF43D3D45D5F641415F4C /* [CP] Embed Pods Frameworks */ = {
			isa = PBXShellScriptBuildPhase;
			buildActionMask = 2147483647;
			files = (
			);
			inputPaths = (
			);
			name = "[CP] Embed Pods Frameworks";
			outputPaths = (
			);
			runOnlyForDeploymentPostprocessing = 0;
			shellPath = /bin/sh;
			shellScript = "\"${SRCROOT}/Pods/Target Support Files/Pods-CocoaPodsExample/Pods-CocoaPodsExample-frameworks.sh\"\n";
			showEnvVarsInLog = 0;
		};
		37CF1CB77B0EBC14E1C124C3 /* [CP] Copy Pods Resources */ = {
			isa = PBXShellScriptBuildPhase;
			buildActionMask = 2147483647;
			files = (
			);
			inputPaths = (
				"${SRCROOT}/Pods/Target Support Files/Pods-CocoaPodsExample/Pods-CocoaPodsExample-resources.sh",
				"${PODS_ROOT}/../../../../Button.bundle",
			);
			name = "[CP] Copy Pods Resources";
			outputPaths = (
				"${TARGET_BUILD_DIR}/${UNLOCALIZED_RESOURCES_FOLDER_PATH}",
			);
			runOnlyForDeploymentPostprocessing = 0;
			shellPath = /bin/sh;
			shellScript = "\"${SRCROOT}/Pods/Target Support Files/Pods-CocoaPodsExample/Pods-CocoaPodsExample-resources.sh\"\n";
			showEnvVarsInLog = 0;
		};
		7B1B4959D11081064A3A8595 /* [CP] Check Pods Manifest.lock */ = {
			isa = PBXShellScriptBuildPhase;
			buildActionMask = 2147483647;
			files = (
			);
			inputPaths = (
				"${PODS_PODFILE_DIR_PATH}/Podfile.lock",
				"${PODS_ROOT}/Manifest.lock",
			);
			name = "[CP] Check Pods Manifest.lock";
			outputPaths = (
				"$(DERIVED_FILE_DIR)/Pods-CocoaPodsExample-checkManifestLockResult.txt",
			);
			runOnlyForDeploymentPostprocessing = 0;
			shellPath = /bin/sh;
			shellScript = "diff \"${PODS_PODFILE_DIR_PATH}/Podfile.lock\" \"${PODS_ROOT}/Manifest.lock\" > /dev/null\nif [ $? != 0 ] ; then\n    # print error to STDERR\n    echo \"error: The sandbox is not in sync with the Podfile.lock. Run 'pod install' or update your CocoaPods installation.\" >&2\n    exit 1\nfi\n# This output is used by Xcode 'outputs' to avoid re-running this script phase.\necho \"SUCCESS\" > \"${SCRIPT_OUTPUT_FILE_0}\"\n";
			showEnvVarsInLog = 0;
		};
		DE9327B71BF4684800F86EAD /* QA Setup */ = {
			isa = PBXShellScriptBuildPhase;
			buildActionMask = 2147483647;
			files = (
			);
			inputPaths = (
			);
			name = "QA Setup";
			outputPaths = (
			);
			runOnlyForDeploymentPostprocessing = 0;
			shellPath = /bin/sh;
			shellScript = "QA_SCRIPT=\"${SRCROOT}/../../../../.qa/qa-setup.sh\"\nif [ -f ${QA_SCRIPT} ]; then\n    \"${QA_SCRIPT}\"\nfi\n";
			showEnvVarsInLog = 0;
		};
/* End PBXShellScriptBuildPhase section */

/* Begin PBXSourcesBuildPhase section */
		DEC2AACF1ADC278900ED8393 /* Sources */ = {
			isa = PBXSourcesBuildPhase;
			buildActionMask = 2147483647;
			files = (
				DEC2AADC1ADC278900ED8393 /* AppDelegate.m in Sources */,
				DEC2AAD91ADC278900ED8393 /* main.m in Sources */,
				DE5AF19A1B4DC53E006F2210 /* SimpleButtonExampleViewController.m in Sources */,
				DE5AF19B1B4DC53E006F2210 /* TableCellButtonExampleViewController.m in Sources */,
			);
			runOnlyForDeploymentPostprocessing = 0;
		};
/* End PBXSourcesBuildPhase section */

/* Begin PBXVariantGroup section */
		DEC2AAE01ADC278900ED8393 /* Main.storyboard */ = {
			isa = PBXVariantGroup;
			children = (
				DEC2AAE11ADC278900ED8393 /* Base */,
			);
			name = Main.storyboard;
			path = "../Example-Source";
			sourceTree = SOURCE_ROOT;
		};
/* End PBXVariantGroup section */

/* Begin XCBuildConfiguration section */
		DE9327AC1BF45C4F00F86EAD /* QA */ = {
			isa = XCBuildConfiguration;
			buildSettings = {
				ALWAYS_SEARCH_USER_PATHS = NO;
				CLANG_CXX_LANGUAGE_STANDARD = "gnu++0x";
				CLANG_CXX_LIBRARY = "libc++";
				CLANG_ENABLE_MODULES = YES;
				CLANG_ENABLE_OBJC_ARC = YES;
				CLANG_WARN_BOOL_CONVERSION = YES;
				CLANG_WARN_CONSTANT_CONVERSION = YES;
				CLANG_WARN_DIRECT_OBJC_ISA_USAGE = YES_ERROR;
				CLANG_WARN_EMPTY_BODY = YES;
				CLANG_WARN_ENUM_CONVERSION = YES;
				CLANG_WARN_INFINITE_RECURSION = YES;
				CLANG_WARN_INT_CONVERSION = YES;
				CLANG_WARN_OBJC_ROOT_CLASS = YES_ERROR;
				CLANG_WARN_SUSPICIOUS_MOVE = YES;
				CLANG_WARN_UNREACHABLE_CODE = YES;
				CLANG_WARN__DUPLICATE_METHOD_MATCH = YES;
				"CODE_SIGN_IDENTITY[sdk=iphoneos*]" = "iPhone Developer";
				COPY_PHASE_STRIP = NO;
				ENABLE_STRICT_OBJC_MSGSEND = YES;
				ENABLE_TESTABILITY = YES;
				GCC_C_LANGUAGE_STANDARD = gnu99;
				GCC_DYNAMIC_NO_PIC = NO;
				GCC_NO_COMMON_BLOCKS = YES;
				GCC_OPTIMIZATION_LEVEL = 0;
				GCC_PREPROCESSOR_DEFINITIONS = (
					"DEBUG=1",
					"$(inherited)",
				);
				GCC_SYMBOLS_PRIVATE_EXTERN = NO;
				GCC_WARN_64_TO_32_BIT_CONVERSION = YES;
				GCC_WARN_ABOUT_RETURN_TYPE = YES_ERROR;
				GCC_WARN_UNDECLARED_SELECTOR = YES;
				GCC_WARN_UNINITIALIZED_AUTOS = YES_AGGRESSIVE;
				GCC_WARN_UNUSED_FUNCTION = YES;
				GCC_WARN_UNUSED_VARIABLE = YES;
				IPHONEOS_DEPLOYMENT_TARGET = 8.2;
				ONLY_ACTIVE_ARCH = YES;
				SDKROOT = iphoneos;
			};
			name = QA;
		};
		DE9327AD1BF45C4F00F86EAD /* QA */ = {
			isa = XCBuildConfiguration;
			baseConfigurationReference = 3CD3966F4477B42888FEDF03 /* Pods-CocoaPodsExample.qa.xcconfig */;
			buildSettings = {
				ASSETCATALOG_COMPILER_APPICON_NAME = AppIcon;
				ASSETCATALOG_COMPILER_LAUNCHIMAGE_NAME = LaunchImage;
				BTN_ARBITRARY_LOADS = YES;
				GCC_PREFIX_HEADER = "$(SRCROOT)/../../../../.qa/QA-prefix.pch";
				INFOPLIST_FILE = "$(SRCROOT)/../../Info.plist";
				IPHONEOS_DEPLOYMENT_TARGET = 8.0;
				LD_RUNPATH_SEARCH_PATHS = "$(inherited) @executable_path/Frameworks";
				PRODUCT_BUNDLE_IDENTIFIER = "com.usebutton.$(PRODUCT_NAME:rfc1034identifier)";
				PRODUCT_NAME = CocoaPodsExample;
				TARGETED_DEVICE_FAMILY = "1,2";
			};
			name = QA;
		};
		DEC2AAF41ADC278900ED8393 /* Debug */ = {
			isa = XCBuildConfiguration;
			buildSettings = {
				ALWAYS_SEARCH_USER_PATHS = NO;
				CLANG_CXX_LANGUAGE_STANDARD = "gnu++0x";
				CLANG_CXX_LIBRARY = "libc++";
				CLANG_ENABLE_MODULES = YES;
				CLANG_ENABLE_OBJC_ARC = YES;
				CLANG_WARN_BOOL_CONVERSION = YES;
				CLANG_WARN_CONSTANT_CONVERSION = YES;
				CLANG_WARN_DIRECT_OBJC_ISA_USAGE = YES_ERROR;
				CLANG_WARN_EMPTY_BODY = YES;
				CLANG_WARN_ENUM_CONVERSION = YES;
				CLANG_WARN_INFINITE_RECURSION = YES;
				CLANG_WARN_INT_CONVERSION = YES;
				CLANG_WARN_OBJC_ROOT_CLASS = YES_ERROR;
				CLANG_WARN_SUSPICIOUS_MOVE = YES;
				CLANG_WARN_UNREACHABLE_CODE = YES;
				CLANG_WARN__DUPLICATE_METHOD_MATCH = YES;
				"CODE_SIGN_IDENTITY[sdk=iphoneos*]" = "iPhone Developer";
				COPY_PHASE_STRIP = NO;
				ENABLE_STRICT_OBJC_MSGSEND = YES;
				ENABLE_TESTABILITY = YES;
				GCC_C_LANGUAGE_STANDARD = gnu99;
				GCC_DYNAMIC_NO_PIC = NO;
				GCC_NO_COMMON_BLOCKS = YES;
				GCC_OPTIMIZATION_LEVEL = 0;
				GCC_PREPROCESSOR_DEFINITIONS = (
					"DEBUG=1",
					"$(inherited)",
				);
				GCC_SYMBOLS_PRIVATE_EXTERN = NO;
				GCC_WARN_64_TO_32_BIT_CONVERSION = YES;
				GCC_WARN_ABOUT_RETURN_TYPE = YES_ERROR;
				GCC_WARN_UNDECLARED_SELECTOR = YES;
				GCC_WARN_UNINITIALIZED_AUTOS = YES_AGGRESSIVE;
				GCC_WARN_UNUSED_FUNCTION = YES;
				GCC_WARN_UNUSED_VARIABLE = YES;
				IPHONEOS_DEPLOYMENT_TARGET = 8.2;
				ONLY_ACTIVE_ARCH = YES;
				SDKROOT = iphoneos;
			};
			name = Debug;
		};
		DEC2AAF51ADC278900ED8393 /* Release */ = {
			isa = XCBuildConfiguration;
			buildSettings = {
				ALWAYS_SEARCH_USER_PATHS = NO;
				CLANG_CXX_LANGUAGE_STANDARD = "gnu++0x";
				CLANG_CXX_LIBRARY = "libc++";
				CLANG_ENABLE_MODULES = YES;
				CLANG_ENABLE_OBJC_ARC = YES;
				CLANG_WARN_BOOL_CONVERSION = YES;
				CLANG_WARN_CONSTANT_CONVERSION = YES;
				CLANG_WARN_DIRECT_OBJC_ISA_USAGE = YES_ERROR;
				CLANG_WARN_EMPTY_BODY = YES;
				CLANG_WARN_ENUM_CONVERSION = YES;
				CLANG_WARN_INFINITE_RECURSION = YES;
				CLANG_WARN_INT_CONVERSION = YES;
				CLANG_WARN_OBJC_ROOT_CLASS = YES_ERROR;
				CLANG_WARN_SUSPICIOUS_MOVE = YES;
				CLANG_WARN_UNREACHABLE_CODE = YES;
				CLANG_WARN__DUPLICATE_METHOD_MATCH = YES;
				"CODE_SIGN_IDENTITY[sdk=iphoneos*]" = "iPhone Developer";
				COPY_PHASE_STRIP = NO;
				ENABLE_NS_ASSERTIONS = NO;
				ENABLE_STRICT_OBJC_MSGSEND = YES;
				GCC_C_LANGUAGE_STANDARD = gnu99;
				GCC_NO_COMMON_BLOCKS = YES;
				GCC_WARN_64_TO_32_BIT_CONVERSION = YES;
				GCC_WARN_ABOUT_RETURN_TYPE = YES_ERROR;
				GCC_WARN_UNDECLARED_SELECTOR = YES;
				GCC_WARN_UNINITIALIZED_AUTOS = YES_AGGRESSIVE;
				GCC_WARN_UNUSED_FUNCTION = YES;
				GCC_WARN_UNUSED_VARIABLE = YES;
				IPHONEOS_DEPLOYMENT_TARGET = 8.2;
				SDKROOT = iphoneos;
				VALIDATE_PRODUCT = YES;
			};
			name = Release;
		};
		DEC2AAF71ADC278900ED8393 /* Debug */ = {
			isa = XCBuildConfiguration;
			baseConfigurationReference = 46FAE53A0679082440022360 /* Pods-CocoaPodsExample.debug.xcconfig */;
			buildSettings = {
				ASSETCATALOG_COMPILER_APPICON_NAME = AppIcon;
				ASSETCATALOG_COMPILER_LAUNCHIMAGE_NAME = LaunchImage;
				INFOPLIST_FILE = "$(SRCROOT)/../../Info.plist";
				IPHONEOS_DEPLOYMENT_TARGET = 8.0;
				LD_RUNPATH_SEARCH_PATHS = "$(inherited) @executable_path/Frameworks";
				PRODUCT_BUNDLE_IDENTIFIER = "com.usebutton.$(PRODUCT_NAME:rfc1034identifier)";
				PRODUCT_NAME = CocoaPodsExample;
				TARGETED_DEVICE_FAMILY = "1,2";
			};
			name = Debug;
		};
		DEC2AAF81ADC278900ED8393 /* Release */ = {
			isa = XCBuildConfiguration;
			baseConfigurationReference = E5E0162BD8EFE5B07C4FC9F2 /* Pods-CocoaPodsExample.release.xcconfig */;
			buildSettings = {
				ASSETCATALOG_COMPILER_APPICON_NAME = AppIcon;
				ASSETCATALOG_COMPILER_LAUNCHIMAGE_NAME = LaunchImage;
				INFOPLIST_FILE = "$(SRCROOT)/../../Info.plist";
				IPHONEOS_DEPLOYMENT_TARGET = 8.0;
				LD_RUNPATH_SEARCH_PATHS = "$(inherited) @executable_path/Frameworks";
				PRODUCT_BUNDLE_IDENTIFIER = "com.usebutton.$(PRODUCT_NAME:rfc1034identifier)";
				PRODUCT_NAME = CocoaPodsExample;
				TARGETED_DEVICE_FAMILY = "1,2";
			};
			name = Release;
		};
/* End XCBuildConfiguration section */

/* Begin XCConfigurationList section */
		DEC2AACE1ADC278900ED8393 /* Build configuration list for PBXProject "CocoaPodsExample" */ = {
			isa = XCConfigurationList;
			buildConfigurations = (
				DEC2AAF41ADC278900ED8393 /* Debug */,
				DE9327AC1BF45C4F00F86EAD /* QA */,
				DEC2AAF51ADC278900ED8393 /* Release */,
			);
			defaultConfigurationIsVisible = 0;
			defaultConfigurationName = Release;
		};
		DEC2AAF61ADC278900ED8393 /* Build configuration list for PBXNativeTarget "CocoaPodsExample" */ = {
			isa = XCConfigurationList;
			buildConfigurations = (
				DEC2AAF71ADC278900ED8393 /* Debug */,
				DE9327AD1BF45C4F00F86EAD /* QA */,
				DEC2AAF81ADC278900ED8393 /* Release */,
			);
			defaultConfigurationIsVisible = 0;
			defaultConfigurationName = Release;
		};
/* End XCConfigurationList section */
	};
	rootObject = DEC2AACB1ADC278900ED8393 /* Project object */;
}
