// !$*UTF8*$!
{
	archiveVersion = 1;
	classes = {
	};
	objectVersion = 46;
	objects = {

/* Begin PBXBuildFile section */
		0930B306F52226D0705BF0FD /* Pods_SwiftPodsExample.framework in Frameworks */ = {isa = PBXBuildFile; fileRef = 982ABF652F4E2B718DDB5877 /* Pods_SwiftPodsExample.framework */; };
		DEDD26011BAA8DA900D957A1 /* AppDelegate.swift in Sources */ = {isa = PBXBuildFile; fileRef = DED082121BAA82840093F867 /* AppDelegate.swift */; };
		DEDD26021BAA8DB700D957A1 /* SimpleButtonExampleViewController.swift in Sources */ = {isa = PBXBuildFile; fileRef = DEF1DC181BAA2B2B003252D2 /* SimpleButtonExampleViewController.swift */; };
		DEDD26031BAA8DBB00D957A1 /* TableCellButtonExampleViewController.swift in Sources */ = {isa = PBXBuildFile; fileRef = DEF1DC1C1BAA5AC8003252D2 /* TableCellButtonExampleViewController.swift */; };
		DEDD26081BAA8FB500D957A1 /* Main.storyboard in Resources */ = {isa = PBXBuildFile; fileRef = DEEE429B1BAA86B900E6A024 /* Main.storyboard */; };
/* End PBXBuildFile section */

/* Begin PBXFileReference section */
		32E8EE6926294596FC7E2752 /* Pods-SwiftPodsExample.release.xcconfig */ = {isa = PBXFileReference; includeInIndex = 1; lastKnownFileType = text.xcconfig; name = "Pods-SwiftPodsExample.release.xcconfig"; path = "Pods/Target Support Files/Pods-SwiftPodsExample/Pods-SwiftPodsExample.release.xcconfig"; sourceTree = "<group>"; };
		873E3713B85D0F9D6D446D24 /* Pods-SwiftPodsExample.debug.xcconfig */ = {isa = PBXFileReference; includeInIndex = 1; lastKnownFileType = text.xcconfig; name = "Pods-SwiftPodsExample.debug.xcconfig"; path = "Pods/Target Support Files/Pods-SwiftPodsExample/Pods-SwiftPodsExample.debug.xcconfig"; sourceTree = "<group>"; };
		982ABF652F4E2B718DDB5877 /* Pods_SwiftPodsExample.framework */ = {isa = PBXFileReference; explicitFileType = wrapper.framework; includeInIndex = 0; path = Pods_SwiftPodsExample.framework; sourceTree = BUILT_PRODUCTS_DIR; };
		DED082121BAA82840093F867 /* AppDelegate.swift */ = {isa = PBXFileReference; fileEncoding = 4; lastKnownFileType = sourcecode.swift; name = AppDelegate.swift; path = "../Example-Source/AppDelegate.swift"; sourceTree = SOURCE_ROOT; };
		DEDD25FE1BAA8D7500D957A1 /* Info.plist */ = {isa = PBXFileReference; fileEncoding = 4; lastKnownFileType = text.plist.xml; name = Info.plist; path = ../../Info.plist; sourceTree = "<group>"; };
		DEEE429B1BAA86B900E6A024 /* Main.storyboard */ = {isa = PBXFileReference; fileEncoding = 4; lastKnownFileType = file.storyboard; name = Main.storyboard; path = "../Example-Source/Main.storyboard"; sourceTree = SOURCE_ROOT; };
		DEEE429D1BAA88F400E6A024 /* LaunchScreen.storyboard */ = {isa = PBXFileReference; fileEncoding = 4; lastKnownFileType = file.storyboard; path = LaunchScreen.storyboard; sourceTree = "<group>"; };
		DEF1DBF41BAA28F6003252D2 /* SwiftPodsExample.app */ = {isa = PBXFileReference; explicitFileType = wrapper.application; includeInIndex = 0; path = SwiftPodsExample.app; sourceTree = BUILT_PRODUCTS_DIR; };
		DEF1DBFE1BAA28F6003252D2 /* Assets.xcassets */ = {isa = PBXFileReference; lastKnownFileType = folder.assetcatalog; name = Assets.xcassets; path = "../Example-Source/Assets.xcassets"; sourceTree = "<group>"; };
		DEF1DC181BAA2B2B003252D2 /* SimpleButtonExampleViewController.swift */ = {isa = PBXFileReference; fileEncoding = 4; lastKnownFileType = sourcecode.swift; name = SimpleButtonExampleViewController.swift; path = "../Example-Source/Simple Button/SimpleButtonExampleViewController.swift"; sourceTree = SOURCE_ROOT; };
		DEF1DC1C1BAA5AC8003252D2 /* TableCellButtonExampleViewController.swift */ = {isa = PBXFileReference; fileEncoding = 4; lastKnownFileType = sourcecode.swift; name = TableCellButtonExampleViewController.swift; path = "../Example-Source/Table Cell Button/TableCellButtonExampleViewController.swift"; sourceTree = SOURCE_ROOT; };
/* End PBXFileReference section */

/* Begin PBXFrameworksBuildPhase section */
		DEF1DBF11BAA28F6003252D2 /* Frameworks */ = {
			isa = PBXFrameworksBuildPhase;
			buildActionMask = 2147483647;
			files = (
				0930B306F52226D0705BF0FD /* Pods_SwiftPodsExample.framework in Frameworks */,
			);
			runOnlyForDeploymentPostprocessing = 0;
		};
/* End PBXFrameworksBuildPhase section */

/* Begin PBXGroup section */
		7612CBF056C38B051A814DBF /* Pods */ = {
			isa = PBXGroup;
			children = (
				873E3713B85D0F9D6D446D24 /* Pods-SwiftPodsExample.debug.xcconfig */,
				32E8EE6926294596FC7E2752 /* Pods-SwiftPodsExample.release.xcconfig */,
			);
			name = Pods;
			sourceTree = "<group>";
		};
		A3C6CAC1B24D8E38AA2CFADE /* Frameworks */ = {
			isa = PBXGroup;
			children = (
				982ABF652F4E2B718DDB5877 /* Pods_SwiftPodsExample.framework */,
			);
			name = Frameworks;
			sourceTree = "<group>";
		};
		DEF1DBEB1BAA28F6003252D2 = {
			isa = PBXGroup;
			children = (
				DEF1DBF61BAA28F6003252D2 /* Button Swift Example */,
				DEF1DBF51BAA28F6003252D2 /* Products */,
				7612CBF056C38B051A814DBF /* Pods */,
				A3C6CAC1B24D8E38AA2CFADE /* Frameworks */,
			);
			sourceTree = "<group>";
		};
		DEF1DBF51BAA28F6003252D2 /* Products */ = {
			isa = PBXGroup;
			children = (
				DEF1DBF41BAA28F6003252D2 /* SwiftPodsExample.app */,
			);
			name = Products;
			sourceTree = "<group>";
		};
		DEF1DBF61BAA28F6003252D2 /* Button Swift Example */ = {
			isa = PBXGroup;
			children = (
				DED082121BAA82840093F867 /* AppDelegate.swift */,
				DEEE429B1BAA86B900E6A024 /* Main.storyboard */,
				DEF1DC291BAA7921003252D2 /* Simple Button */,
				DEF1DC2A1BAA792F003252D2 /* Table Cell Button */,
				DEF1DC0F1BAA297E003252D2 /* Supporting Files */,
			);
			name = "Button Swift Example";
			sourceTree = "<group>";
		};
		DEF1DC0F1BAA297E003252D2 /* Supporting Files */ = {
			isa = PBXGroup;
			children = (
				DEDD25FE1BAA8D7500D957A1 /* Info.plist */,
				DEEE429D1BAA88F400E6A024 /* LaunchScreen.storyboard */,
				DEF1DBFE1BAA28F6003252D2 /* Assets.xcassets */,
			);
			name = "Supporting Files";
			sourceTree = "<group>";
		};
		DEF1DC291BAA7921003252D2 /* Simple Button */ = {
			isa = PBXGroup;
			children = (
				DEF1DC181BAA2B2B003252D2 /* SimpleButtonExampleViewController.swift */,
			);
			name = "Simple Button";
			sourceTree = "<group>";
		};
		DEF1DC2A1BAA792F003252D2 /* Table Cell Button */ = {
			isa = PBXGroup;
			children = (
				DEF1DC1C1BAA5AC8003252D2 /* TableCellButtonExampleViewController.swift */,
			);
			name = "Table Cell Button";
			sourceTree = "<group>";
		};
/* End PBXGroup section */

/* Begin PBXNativeTarget section */
		DEF1DBF31BAA28F6003252D2 /* SwiftPodsExample */ = {
			isa = PBXNativeTarget;
			buildConfigurationList = DEF1DC061BAA28F6003252D2 /* Build configuration list for PBXNativeTarget "SwiftPodsExample" */;
			buildPhases = (
				5528EB3F442FE87A15AEEB5E /* [CP] Check Pods Manifest.lock */,
				DEF1DBF01BAA28F6003252D2 /* Sources */,
				DEF1DBF11BAA28F6003252D2 /* Frameworks */,
				DEF1DBF21BAA28F6003252D2 /* Resources */,
				DEFF92B11BDAD0D5000B9EE8 /* Button ID Check */,
				87C972226F09841389B9D5F9 /* [CP] Embed Pods Frameworks */,
				6C20780AB8A53F9FDA66563F /* [CP] Copy Pods Resources */,
				85BA32478500C2B625659CB5 /* Embed Pods Frameworks */,
			);
			buildRules = (
			);
			dependencies = (
			);
			name = SwiftPodsExample;
			productName = SwiftExample;
			productReference = DEF1DBF41BAA28F6003252D2 /* SwiftPodsExample.app */;
			productType = "com.apple.product-type.application";
		};
/* End PBXNativeTarget section */

/* Begin PBXProject section */
		DEF1DBEC1BAA28F6003252D2 /* Project object */ = {
			isa = PBXProject;
			attributes = {
				LastUpgradeCheck = 0800;
				ORGANIZATIONNAME = Button;
				TargetAttributes = {
					DEF1DBF31BAA28F6003252D2 = {
						CreatedOnToolsVersion = 7.0;
						LastSwiftMigration = 0800;
					};
				};
			};
			buildConfigurationList = DEF1DBEF1BAA28F6003252D2 /* Build configuration list for PBXProject "SwiftPodsExample" */;
			compatibilityVersion = "Xcode 3.2";
			developmentRegion = English;
			hasScannedForEncodings = 0;
			knownRegions = (
				en,
				Base,
			);
			mainGroup = DEF1DBEB1BAA28F6003252D2;
			productRefGroup = DEF1DBF51BAA28F6003252D2 /* Products */;
			projectDirPath = "";
			projectRoot = "";
			targets = (
				DEF1DBF31BAA28F6003252D2 /* SwiftPodsExample */,
			);
		};
/* End PBXProject section */

/* Begin PBXResourcesBuildPhase section */
		DEF1DBF21BAA28F6003252D2 /* Resources */ = {
			isa = PBXResourcesBuildPhase;
			buildActionMask = 2147483647;
			files = (
				DEDD26081BAA8FB500D957A1 /* Main.storyboard in Resources */,
			);
			runOnlyForDeploymentPostprocessing = 0;
		};
/* End PBXResourcesBuildPhase section */

/* Begin PBXShellScriptBuildPhase section */
		5528EB3F442FE87A15AEEB5E /* [CP] Check Pods Manifest.lock */ = {
			isa = PBXShellScriptBuildPhase;
			buildActionMask = 2147483647;
			files = (
			);
			inputPaths = (
			);
			name = "[CP] Check Pods Manifest.lock";
			outputPaths = (
			);
			runOnlyForDeploymentPostprocessing = 0;
			shellPath = /bin/sh;
			shellScript = "diff \"${PODS_ROOT}/../Podfile.lock\" \"${PODS_ROOT}/Manifest.lock\" > /dev/null\nif [ $? != 0 ] ; then\n    # print error to STDERR\n    echo \"error: The sandbox is not in sync with the Podfile.lock. Run 'pod install' or update your CocoaPods installation.\" >&2\n    exit 1\nfi\n";
			showEnvVarsInLog = 0;
		};
		6C20780AB8A53F9FDA66563F /* [CP] Copy Pods Resources */ = {
			isa = PBXShellScriptBuildPhase;
			buildActionMask = 2147483647;
			files = (
			);
			inputPaths = (
			);
			name = "[CP] Copy Pods Resources";
			outputPaths = (
			);
			runOnlyForDeploymentPostprocessing = 0;
			shellPath = /bin/sh;
			shellScript = "\"${SRCROOT}/Pods/Target Support Files/Pods-SwiftPodsExample/Pods-SwiftPodsExample-resources.sh\"\n";
			showEnvVarsInLog = 0;
		};
		85BA32478500C2B625659CB5 /* Embed Pods Frameworks */ = {
			isa = PBXShellScriptBuildPhase;
			buildActionMask = 2147483647;
			files = (
			);
			inputPaths = (
			);
			name = "Embed Pods Frameworks";
			outputPaths = (
			);
			runOnlyForDeploymentPostprocessing = 0;
			shellPath = /bin/sh;
			shellScript = "\"${SRCROOT}/Pods/Target Support Files/Pods-SwiftPodsExample/Pods-SwiftPodsExample-frameworks.sh\"\n";
			showEnvVarsInLog = 0;
		};
		87C972226F09841389B9D5F9 /* [CP] Embed Pods Frameworks */ = {
			isa = PBXShellScriptBuildPhase;
			buildActionMask = 2147483647;
			files = (
			);
			inputPaths = (
			);
			name = "[CP] Embed Pods Frameworks";
			outputPaths = (
			);
			runOnlyForDeploymentPostprocessing = 0;
			shellPath = /bin/sh;
			shellScript = "\"${SRCROOT}/Pods/Target Support Files/Pods-SwiftPodsExample/Pods-SwiftPodsExample-frameworks.sh\"\n";
			showEnvVarsInLog = 0;
		};
		DEFF92B11BDAD0D5000B9EE8 /* Button ID Check */ = {
			isa = PBXShellScriptBuildPhase;
			buildActionMask = 2147483647;
			files = (
			);
			inputPaths = (
			);
			name = "Button ID Check";
			outputPaths = (
			);
			runOnlyForDeploymentPostprocessing = 0;
			shellPath = /bin/sh;
			shellScript = "TAGS=\"ERROR:\"\nfind \"${SRCROOT}/../Example-Source\" \\( -name \"*.swift\" \\) -print0 | xargs -0 egrep --with-filename --line-number --only-matching \"($TAGS).*\\$\" | perl -p -e \"s/($TAGS)/ error: \\$1/\"\n\nMATCHES=${PIPESTATUS[1]}\nif [ $MATCHES == 0 ]; then\n    exit 1\nfi";
		};
/* End PBXShellScriptBuildPhase section */

/* Begin PBXSourcesBuildPhase section */
		DEF1DBF01BAA28F6003252D2 /* Sources */ = {
			isa = PBXSourcesBuildPhase;
			buildActionMask = 2147483647;
			files = (
				DEDD26011BAA8DA900D957A1 /* AppDelegate.swift in Sources */,
				DEDD26031BAA8DBB00D957A1 /* TableCellButtonExampleViewController.swift in Sources */,
				DEDD26021BAA8DB700D957A1 /* SimpleButtonExampleViewController.swift in Sources */,
			);
			runOnlyForDeploymentPostprocessing = 0;
		};
/* End PBXSourcesBuildPhase section */

/* Begin XCBuildConfiguration section */
		DEF1DC041BAA28F6003252D2 /* Debug */ = {
			isa = XCBuildConfiguration;
			buildSettings = {
				ALWAYS_SEARCH_USER_PATHS = NO;
				CLANG_CXX_LANGUAGE_STANDARD = "gnu++0x";
				CLANG_CXX_LIBRARY = "libc++";
				CLANG_ENABLE_MODULES = YES;
				CLANG_ENABLE_OBJC_ARC = YES;
				CLANG_WARN_BOOL_CONVERSION = YES;
				CLANG_WARN_CONSTANT_CONVERSION = YES;
				CLANG_WARN_DIRECT_OBJC_ISA_USAGE = YES_ERROR;
				CLANG_WARN_EMPTY_BODY = YES;
				CLANG_WARN_ENUM_CONVERSION = YES;
				CLANG_WARN_INFINITE_RECURSION = YES;
				CLANG_WARN_INT_CONVERSION = YES;
				CLANG_WARN_OBJC_ROOT_CLASS = YES_ERROR;
				CLANG_WARN_SUSPICIOUS_MOVE = YES;
				CLANG_WARN_UNREACHABLE_CODE = YES;
				CLANG_WARN__DUPLICATE_METHOD_MATCH = YES;
				"CODE_SIGN_IDENTITY[sdk=iphoneos*]" = "iPhone Developer";
				COPY_PHASE_STRIP = NO;
				DEBUG_INFORMATION_FORMAT = dwarf;
				ENABLE_STRICT_OBJC_MSGSEND = YES;
				ENABLE_TESTABILITY = YES;
				GCC_C_LANGUAGE_STANDARD = gnu99;
				GCC_DYNAMIC_NO_PIC = NO;
				GCC_NO_COMMON_BLOCKS = YES;
				GCC_OPTIMIZATION_LEVEL = 0;
				GCC_PREPROCESSOR_DEFINITIONS = (
					"DEBUG=1",
					"$(inherited)",
				);
				GCC_WARN_64_TO_32_BIT_CONVERSION = YES;
				GCC_WARN_ABOUT_RETURN_TYPE = YES_ERROR;
				GCC_WARN_UNDECLARED_SELECTOR = YES;
				GCC_WARN_UNINITIALIZED_AUTOS = YES_AGGRESSIVE;
				GCC_WARN_UNUSED_FUNCTION = YES;
				GCC_WARN_UNUSED_VARIABLE = YES;
				IPHONEOS_DEPLOYMENT_TARGET = 9.0;
				MTL_ENABLE_DEBUG_INFO = YES;
				ONLY_ACTIVE_ARCH = YES;
				SDKROOT = iphoneos;
				SWIFT_OPTIMIZATION_LEVEL = "-Onone";
			};
			name = Debug;
		};
		DEF1DC051BAA28F6003252D2 /* Release */ = {
			isa = XCBuildConfiguration;
			buildSettings = {
				ALWAYS_SEARCH_USER_PATHS = NO;
				CLANG_CXX_LANGUAGE_STANDARD = "gnu++0x";
				CLANG_CXX_LIBRARY = "libc++";
				CLANG_ENABLE_MODULES = YES;
				CLANG_ENABLE_OBJC_ARC = YES;
				CLANG_WARN_BOOL_CONVERSION = YES;
				CLANG_WARN_CONSTANT_CONVERSION = YES;
				CLANG_WARN_DIRECT_OBJC_ISA_USAGE = YES_ERROR;
				CLANG_WARN_EMPTY_BODY = YES;
				CLANG_WARN_ENUM_CONVERSION = YES;
				CLANG_WARN_INFINITE_RECURSION = YES;
				CLANG_WARN_INT_CONVERSION = YES;
				CLANG_WARN_OBJC_ROOT_CLASS = YES_ERROR;
				CLANG_WARN_SUSPICIOUS_MOVE = YES;
				CLANG_WARN_UNREACHABLE_CODE = YES;
				CLANG_WARN__DUPLICATE_METHOD_MATCH = YES;
				"CODE_SIGN_IDENTITY[sdk=iphoneos*]" = "iPhone Developer";
				COPY_PHASE_STRIP = NO;
				DEBUG_INFORMATION_FORMAT = "dwarf-with-dsym";
				ENABLE_NS_ASSERTIONS = NO;
				ENABLE_STRICT_OBJC_MSGSEND = YES;
				GCC_C_LANGUAGE_STANDARD = gnu99;
				GCC_NO_COMMON_BLOCKS = YES;
				GCC_WARN_64_TO_32_BIT_CONVERSION = YES;
				GCC_WARN_ABOUT_RETURN_TYPE = YES_ERROR;
				GCC_WARN_UNDECLARED_SELECTOR = YES;
				GCC_WARN_UNINITIALIZED_AUTOS = YES_AGGRESSIVE;
				GCC_WARN_UNUSED_FUNCTION = YES;
				GCC_WARN_UNUSED_VARIABLE = YES;
				IPHONEOS_DEPLOYMENT_TARGET = 9.0;
				MTL_ENABLE_DEBUG_INFO = NO;
				SDKROOT = iphoneos;
				SWIFT_OPTIMIZATION_LEVEL = "-Owholemodule";
				VALIDATE_PRODUCT = YES;
			};
			name = Release;
		};
		DEF1DC071BAA28F6003252D2 /* Debug */ = {
			isa = XCBuildConfiguration;
			baseConfigurationReference = 873E3713B85D0F9D6D446D24 /* Pods-SwiftPodsExample.debug.xcconfig */;
			buildSettings = {
				ASSETCATALOG_COMPILER_APPICON_NAME = AppIcon;
				ASSETCATALOG_COMPILER_LAUNCHIMAGE_NAME = LaunchImage;
				INFOPLIST_FILE = "$(SRCROOT)/../../Info.plist";
				IPHONEOS_DEPLOYMENT_TARGET = 8.0;
				LD_RUNPATH_SEARCH_PATHS = "$(inherited) @executable_path/Frameworks";
				PRODUCT_BUNDLE_IDENTIFIER = com.usebutton.SwiftExample;
				PRODUCT_NAME = "$(TARGET_NAME)";
				SWIFT_VERSION = 3.0;
				TARGETED_DEVICE_FAMILY = 1;
			};
			name = Debug;
		};
		DEF1DC081BAA28F6003252D2 /* Release */ = {
			isa = XCBuildConfiguration;
			baseConfigurationReference = 32E8EE6926294596FC7E2752 /* Pods-SwiftPodsExample.release.xcconfig */;
			buildSettings = {
				ASSETCATALOG_COMPILER_APPICON_NAME = AppIcon;
				ASSETCATALOG_COMPILER_LAUNCHIMAGE_NAME = LaunchImage;
				INFOPLIST_FILE = "$(SRCROOT)/../../Info.plist";
				IPHONEOS_DEPLOYMENT_TARGET = 8.0;
				LD_RUNPATH_SEARCH_PATHS = "$(inherited) @executable_path/Frameworks";
				PRODUCT_BUNDLE_IDENTIFIER = com.usebutton.SwiftExample;
				PRODUCT_NAME = "$(TARGET_NAME)";
				SWIFT_VERSION = 3.0;
				TARGETED_DEVICE_FAMILY = 1;
			};
			name = Release;
		};
/* End XCBuildConfiguration section */

/* Begin XCConfigurationList section */
		DEF1DBEF1BAA28F6003252D2 /* Build configuration list for PBXProject "SwiftPodsExample" */ = {
			isa = XCConfigurationList;
			buildConfigurations = (
				DEF1DC041BAA28F6003252D2 /* Debug */,
				DEF1DC051BAA28F6003252D2 /* Release */,
			);
			defaultConfigurationIsVisible = 0;
			defaultConfigurationName = Release;
		};
		DEF1DC061BAA28F6003252D2 /* Build configuration list for PBXNativeTarget "SwiftPodsExample" */ = {
			isa = XCConfigurationList;
			buildConfigurations = (
				DEF1DC071BAA28F6003252D2 /* Debug */,
				DEF1DC081BAA28F6003252D2 /* Release */,
			);
			defaultConfigurationIsVisible = 0;
			defaultConfigurationName = Release;
		};
/* End XCConfigurationList section */
	};
	rootObject = DEF1DBEC1BAA28F6003252D2 /* Project object */;
}
