PODS:
  - Button (4.5.0)
  - Expecta (1.0.5)
  - OCMock (3.3)
  - Specta (1.0.5)

DEPENDENCIES:
  - Button (from `..`)
  - Expecta
  - OCMock
  - Specta

EXTERNAL SOURCES:
  Button:
    :path: ..

SPEC CHECKSUMS:
  Button: e1a396db2f1864d94a86939e98156b227f1c9f29
  Expecta: e1c022fcd33910b6be89c291d2775b3fe27a89fe
  OCMock: d68685bde31f69cb61d518dcb39269080c78b5ed
  Specta: ac94d110b865115fe60ff2c6d7281053c6f8e8a2

COCOAPODS: 0.39.0
