// !$*UTF8*$!
{
	archiveVersion = 1;
	classes = {
	};
	objectVersion = 48;
	objects = {

/* Begin PBXBuildFile section */
		31F80AECE6E474CB6E7A95D3 /* libPods-ObjC-Demo.a in Frameworks */ = {isa = PBXBuildFile; fileRef = 665AB3E51991C02332623BA2 /* libPods-ObjC-Demo.a */; };
		9E00A93320768BEF007B902E /* NightOwlCard.m in Sources */ = {isa = PBXBuildFile; fileRef = 9E00A93220768BEF007B902E /* NightOwlCard.m */; };
		9E00A93620768C49007B902E /* NightOwlCardView.m in Sources */ = {isa = PBXBuildFile; fileRef = 9E00A93520768C49007B902E /* NightOwlCardView.m */; };
		9E02D3702076A48A00C820BD /* NightOwlCardView.swift in Sources */ = {isa = PBXBuildFile; fileRef = 9E02D36E2076A48900C820BD /* NightOwlCardView.swift */; };
		9E02D3712076A48A00C820BD /* NightOwlCard.swift in Sources */ = {isa = PBXBuildFile; fileRef = 9E02D36F2076A48900C820BD /* NightOwlCard.swift */; };
		9E0504E32034BC0500011E6A /* MainController.swift in Sources */ = {isa = PBXBuildFile; fileRef = 9E0504E22034BC0500011E6A /* MainController.swift */; };
		9E0504E82034EB0E00011E6A /* UIColorExtensions.swift in Sources */ = {isa = PBXBuildFile; fileRef = 9E0504E72034EB0E00011E6A /* UIColorExtensions.swift */; };
		9E6A99F2203CC0FA0095C47E /* AppDelegate.m in Sources */ = {isa = PBXBuildFile; fileRef = 9E6A99F1203CC0FA0095C47E /* AppDelegate.m */; };
		9E6A9A00203CC0FA0095C47E /* main.m in Sources */ = {isa = PBXBuildFile; fileRef = 9E6A99FF203CC0FA0095C47E /* main.m */; };
		9E6A9A04203CC1130095C47E /* SampleExtension.m in Sources */ = {isa = PBXBuildFile; fileRef = 9E09184F20377B3600EB3398 /* SampleExtension.m */; };
		9E849B3F203CCBF000064BBE /* MainController.m in Sources */ = {isa = PBXBuildFile; fileRef = 9E849B3E203CCBF000064BBE /* MainController.m */; };
		C1D07A3A5AECE6E1FFCB7CF5 /* Pods_Swift_Demo.framework in Frameworks */ = {isa = PBXBuildFile; fileRef = 536B792BC94B05D925B25707 /* Pods_Swift_Demo.framework */; };
		DAD0F765208FC54400748E39 /* UIImageExtensions.swift in Sources */ = {isa = PBXBuildFile; fileRef = DAD0F764208FC54400748E39 /* UIImageExtensions.swift */; };
		DAD0F767208FC73100748E39 /* Cards.swift in Sources */ = {isa = PBXBuildFile; fileRef = DAD0F766208FC73100748E39 /* Cards.swift */; };
		DADE90882098DEF00073144B /* BTNCard+SampleCards.m in Sources */ = {isa = PBXBuildFile; fileRef = DADE90872098DEF00073144B /* BTNCard+SampleCards.m */; };
		DADE908B2098E1780073144B /* Assets.xcassets in Resources */ = {isa = PBXBuildFile; fileRef = DADE908A2098E1780073144B /* Assets.xcassets */; };
		DADE908C2098E1780073144B /* Assets.xcassets in Resources */ = {isa = PBXBuildFile; fileRef = DADE908A2098E1780073144B /* Assets.xcassets */; };
		DADE90952098E3370073144B /* UIColor+HexColors.m in Sources */ = {isa = PBXBuildFile; fileRef = DADE90942098E3370073144B /* UIColor+HexColors.m */; };
		DADE9097209A465B0073144B /* NightOwlCardView.xib in Resources */ = {isa = PBXBuildFile; fileRef = DADE9096209A465B0073144B /* NightOwlCardView.xib */; };
		DADE9099209A46910073144B /* NightOwlCardView.xib in Resources */ = {isa = PBXBuildFile; fileRef = DADE9098209A46910073144B /* NightOwlCardView.xib */; };
		DADE909C209A59A40073144B /* UIImage+Resizing.m in Sources */ = {isa = PBXBuildFile; fileRef = DADE909B209A59A40073144B /* UIImage+Resizing.m */; };
		DE31D173202BEB95004A29D6 /* AppDelegate.swift in Sources */ = {isa = PBXBuildFile; fileRef = DE31D172202BEB95004A29D6 /* AppDelegate.swift */; };
		DE31D17D202BEB95004A29D6 /* LaunchScreen.storyboard in Resources */ = {isa = PBXBuildFile; fileRef = DE31D17B202BEB95004A29D6 /* LaunchScreen.storyboard */; };
		DE9F3EC7202BECD500B56C7F /* SampleExtension.swift in Sources */ = {isa = PBXBuildFile; fileRef = DE9F3EC6202BECD500B56C7F /* SampleExtension.swift */; };
		DEF421DE20E6C6F900CADBC5 /* Main.storyboard in Resources */ = {isa = PBXBuildFile; fileRef = DE31D176202BEB95004A29D6 /* Main.storyboard */; };
		DEF421DF20E6C70700CADBC5 /* LaunchScreen.storyboard in Resources */ = {isa = PBXBuildFile; fileRef = DE31D17B202BEB95004A29D6 /* LaunchScreen.storyboard */; };
		DEF421EB20E6E59C00CADBC5 /* ApplicationId.generated.swift in Sources */ = {isa = PBXBuildFile; fileRef = DEF421EA20E6E59C00CADBC5 /* ApplicationId.generated.swift */; };
		DEF421EC20E6E59C00CADBC5 /* ApplicationId.generated.swift in Sources */ = {isa = PBXBuildFile; fileRef = DEF421EA20E6E59C00CADBC5 /* ApplicationId.generated.swift */; };
		DEF421F820EACBA900CADBC5 /* Main.storyboard in Resources */ = {isa = PBXBuildFile; fileRef = DEF421F620EACB9800CADBC5 /* Main.storyboard */; };
/* End PBXBuildFile section */

/* Begin PBXFileReference section */
		0470A60ED3D05D65AEBD5D10 /* Pods-ObjC-Demo.release.xcconfig */ = {isa = PBXFileReference; includeInIndex = 1; lastKnownFileType = text.xcconfig; name = "Pods-ObjC-Demo.release.xcconfig"; path = "Pods/Target Support Files/Pods-ObjC-Demo/Pods-ObjC-Demo.release.xcconfig"; sourceTree = "<group>"; };
		2EAC2A0FC341F35A279325F0 /* Pods-ObjC-Demo.debug.xcconfig */ = {isa = PBXFileReference; includeInIndex = 1; lastKnownFileType = text.xcconfig; name = "Pods-ObjC-Demo.debug.xcconfig"; path = "Pods/Target Support Files/Pods-ObjC-Demo/Pods-ObjC-Demo.debug.xcconfig"; sourceTree = "<group>"; };
		536B792BC94B05D925B25707 /* Pods_Swift_Demo.framework */ = {isa = PBXFileReference; explicitFileType = wrapper.framework; includeInIndex = 0; path = Pods_Swift_Demo.framework; sourceTree = BUILT_PRODUCTS_DIR; };
		665AB3E51991C02332623BA2 /* libPods-ObjC-Demo.a */ = {isa = PBXFileReference; explicitFileType = archive.ar; includeInIndex = 0; path = "libPods-ObjC-Demo.a"; sourceTree = BUILT_PRODUCTS_DIR; };
		7E5A78B1C087476E4FF4DB67 /* Pods-Swift-Demo.debug.xcconfig */ = {isa = PBXFileReference; includeInIndex = 1; lastKnownFileType = text.xcconfig; name = "Pods-Swift-Demo.debug.xcconfig"; path = "Pods/Target Support Files/Pods-Swift-Demo/Pods-Swift-Demo.debug.xcconfig"; sourceTree = "<group>"; };
		95F338C605AC69C8E4B1918B /* Pods-Swift-Demo.release.xcconfig */ = {isa = PBXFileReference; includeInIndex = 1; lastKnownFileType = text.xcconfig; name = "Pods-Swift-Demo.release.xcconfig"; path = "Pods/Target Support Files/Pods-Swift-Demo/Pods-Swift-Demo.release.xcconfig"; sourceTree = "<group>"; };
		9E00A93120768BEF007B902E /* NightOwlCard.h */ = {isa = PBXFileReference; lastKnownFileType = sourcecode.c.h; path = NightOwlCard.h; sourceTree = "<group>"; };
		9E00A93220768BEF007B902E /* NightOwlCard.m */ = {isa = PBXFileReference; lastKnownFileType = sourcecode.c.objc; path = NightOwlCard.m; sourceTree = "<group>"; };
		9E00A93420768C49007B902E /* NightOwlCardView.h */ = {isa = PBXFileReference; lastKnownFileType = sourcecode.c.h; path = NightOwlCardView.h; sourceTree = "<group>"; };
		9E00A93520768C49007B902E /* NightOwlCardView.m */ = {isa = PBXFileReference; lastKnownFileType = sourcecode.c.objc; path = NightOwlCardView.m; sourceTree = "<group>"; };
		9E02D36E2076A48900C820BD /* NightOwlCardView.swift */ = {isa = PBXFileReference; fileEncoding = 4; lastKnownFileType = sourcecode.swift; path = NightOwlCardView.swift; sourceTree = "<group>"; };
		9E02D36F2076A48900C820BD /* NightOwlCard.swift */ = {isa = PBXFileReference; fileEncoding = 4; lastKnownFileType = sourcecode.swift; path = NightOwlCard.swift; sourceTree = "<group>"; };
		9E0504E22034BC0500011E6A /* MainController.swift */ = {isa = PBXFileReference; lastKnownFileType = sourcecode.swift; path = MainController.swift; sourceTree = "<group>"; };
		9E0504E72034EB0E00011E6A /* UIColorExtensions.swift */ = {isa = PBXFileReference; fileEncoding = 4; lastKnownFileType = sourcecode.swift; path = UIColorExtensions.swift; sourceTree = "<group>"; };
		9E09184E20377B3600EB3398 /* SampleExtension.h */ = {isa = PBXFileReference; lastKnownFileType = sourcecode.c.h; path = SampleExtension.h; sourceTree = "<group>"; };
		9E09184F20377B3600EB3398 /* SampleExtension.m */ = {isa = PBXFileReference; lastKnownFileType = sourcecode.c.objc; path = SampleExtension.m; sourceTree = "<group>"; };
		9E6A99EE203CC0FA0095C47E /* ObjC-Demo.app */ = {isa = PBXFileReference; explicitFileType = wrapper.application; includeInIndex = 0; path = "ObjC-Demo.app"; sourceTree = BUILT_PRODUCTS_DIR; };
		9E6A99F0203CC0FA0095C47E /* AppDelegate.h */ = {isa = PBXFileReference; lastKnownFileType = sourcecode.c.h; path = AppDelegate.h; sourceTree = "<group>"; };
		9E6A99F1203CC0FA0095C47E /* AppDelegate.m */ = {isa = PBXFileReference; lastKnownFileType = sourcecode.c.objc; path = AppDelegate.m; sourceTree = "<group>"; };
		9E6A99FF203CC0FA0095C47E /* main.m */ = {isa = PBXFileReference; lastKnownFileType = sourcecode.c.objc; path = main.m; sourceTree = "<group>"; };
		9E849B3D203CCBF000064BBE /* MainController.h */ = {isa = PBXFileReference; lastKnownFileType = sourcecode.c.h; path = MainController.h; sourceTree = "<group>"; };
		9E849B3E203CCBF000064BBE /* MainController.m */ = {isa = PBXFileReference; lastKnownFileType = sourcecode.c.objc; path = MainController.m; sourceTree = "<group>"; };
		DAD0F764208FC54400748E39 /* UIImageExtensions.swift */ = {isa = PBXFileReference; lastKnownFileType = sourcecode.swift; path = UIImageExtensions.swift; sourceTree = "<group>"; };
		DAD0F766208FC73100748E39 /* Cards.swift */ = {isa = PBXFileReference; fileEncoding = 4; lastKnownFileType = sourcecode.swift; path = Cards.swift; sourceTree = "<group>"; };
		DADE90862098DEF00073144B /* BTNCard+SampleCards.h */ = {isa = PBXFileReference; lastKnownFileType = sourcecode.c.h; path = "BTNCard+SampleCards.h"; sourceTree = "<group>"; };
		DADE90872098DEF00073144B /* BTNCard+SampleCards.m */ = {isa = PBXFileReference; lastKnownFileType = sourcecode.c.objc; path = "BTNCard+SampleCards.m"; sourceTree = "<group>"; };
		DADE908A2098E1780073144B /* Assets.xcassets */ = {isa = PBXFileReference; lastKnownFileType = folder.assetcatalog; path = Assets.xcassets; sourceTree = "<group>"; };
		DADE90932098E3370073144B /* UIColor+HexColors.h */ = {isa = PBXFileReference; lastKnownFileType = sourcecode.c.h; path = "UIColor+HexColors.h"; sourceTree = "<group>"; };
		DADE90942098E3370073144B /* UIColor+HexColors.m */ = {isa = PBXFileReference; lastKnownFileType = sourcecode.c.objc; path = "UIColor+HexColors.m"; sourceTree = "<group>"; };
		DADE9096209A465B0073144B /* NightOwlCardView.xib */ = {isa = PBXFileReference; fileEncoding = 4; lastKnownFileType = file.xib; path = NightOwlCardView.xib; sourceTree = "<group>"; };
		DADE9098209A46910073144B /* NightOwlCardView.xib */ = {isa = PBXFileReference; fileEncoding = 4; lastKnownFileType = file.xib; path = NightOwlCardView.xib; sourceTree = "<group>"; };
		DADE909A209A59A40073144B /* UIImage+Resizing.h */ = {isa = PBXFileReference; lastKnownFileType = sourcecode.c.h; path = "UIImage+Resizing.h"; sourceTree = "<group>"; };
		DADE909B209A59A40073144B /* UIImage+Resizing.m */ = {isa = PBXFileReference; lastKnownFileType = sourcecode.c.objc; path = "UIImage+Resizing.m"; sourceTree = "<group>"; };
		DE31D16F202BEB95004A29D6 /* Swift-Demo.app */ = {isa = PBXFileReference; explicitFileType = wrapper.application; includeInIndex = 0; path = "Swift-Demo.app"; sourceTree = BUILT_PRODUCTS_DIR; };
		DE31D172202BEB95004A29D6 /* AppDelegate.swift */ = {isa = PBXFileReference; lastKnownFileType = sourcecode.swift; path = AppDelegate.swift; sourceTree = "<group>"; };
		DE31D177202BEB95004A29D6 /* Base */ = {isa = PBXFileReference; lastKnownFileType = file.storyboard; name = Base; path = Base.lproj/Main.storyboard; sourceTree = "<group>"; };
		DE31D17C202BEB95004A29D6 /* Base */ = {isa = PBXFileReference; lastKnownFileType = file.storyboard; name = Base; path = Base.lproj/LaunchScreen.storyboard; sourceTree = "<group>"; };
		DE31D17E202BEB95004A29D6 /* Info.plist */ = {isa = PBXFileReference; lastKnownFileType = text.plist.xml; path = Info.plist; sourceTree = "<group>"; };
		DE9F3EC6202BECD500B56C7F /* SampleExtension.swift */ = {isa = PBXFileReference; lastKnownFileType = sourcecode.swift; path = SampleExtension.swift; sourceTree = "<group>"; };
		DEF421E920E6E59C00CADBC5 /* ObjC-Demo-Bridging-Header.h */ = {isa = PBXFileReference; lastKnownFileType = sourcecode.c.h; path = "ObjC-Demo-Bridging-Header.h"; sourceTree = "<group>"; };
		DEF421EA20E6E59C00CADBC5 /* ApplicationId.generated.swift */ = {isa = PBXFileReference; fileEncoding = 4; lastKnownFileType = sourcecode.swift; path = ApplicationId.generated.swift; sourceTree = "<group>"; };
		DEF421F720EACB9800CADBC5 /* Base */ = {isa = PBXFileReference; lastKnownFileType = file.storyboard; name = Base; path = Base.lproj/Main.storyboard; sourceTree = "<group>"; };
/* End PBXFileReference section */

/* Begin PBXFrameworksBuildPhase section */
		9E6A99EB203CC0FA0095C47E /* Frameworks */ = {
			isa = PBXFrameworksBuildPhase;
			buildActionMask = 2147483647;
			files = (
				31F80AECE6E474CB6E7A95D3 /* libPods-ObjC-Demo.a in Frameworks */,
			);
			runOnlyForDeploymentPostprocessing = 0;
		};
		DE31D16C202BEB95004A29D6 /* Frameworks */ = {
			isa = PBXFrameworksBuildPhase;
			buildActionMask = 2147483647;
			files = (
				C1D07A3A5AECE6E1FFCB7CF5 /* Pods_Swift_Demo.framework in Frameworks */,
			);
			runOnlyForDeploymentPostprocessing = 0;
		};
/* End PBXFrameworksBuildPhase section */

/* Begin PBXGroup section */
		0745267377F4D9A8DB78BC04 /* Frameworks */ = {
			isa = PBXGroup;
			children = (
				536B792BC94B05D925B25707 /* Pods_Swift_Demo.framework */,
				665AB3E51991C02332623BA2 /* libPods-ObjC-Demo.a */,
			);
			name = Frameworks;
			sourceTree = "<group>";
		};
		466E59CE97FC9D098B113B7C /* Pods */ = {
			isa = PBXGroup;
			children = (
				7E5A78B1C087476E4FF4DB67 /* Pods-Swift-Demo.debug.xcconfig */,
				95F338C605AC69C8E4B1918B /* Pods-Swift-Demo.release.xcconfig */,
				2EAC2A0FC341F35A279325F0 /* Pods-ObjC-Demo.debug.xcconfig */,
				0470A60ED3D05D65AEBD5D10 /* Pods-ObjC-Demo.release.xcconfig */,
			);
			name = Pods;
			sourceTree = "<group>";
		};
		9E00A93020768B6D007B902E /* CustomCard */ = {
			isa = PBXGroup;
			children = (
				9E00A93120768BEF007B902E /* NightOwlCard.h */,
				9E00A93220768BEF007B902E /* NightOwlCard.m */,
				9E00A93420768C49007B902E /* NightOwlCardView.h */,
				9E00A93520768C49007B902E /* NightOwlCardView.m */,
				DADE9098209A46910073144B /* NightOwlCardView.xib */,
			);
			path = CustomCard;
			sourceTree = "<group>";
		};
		9E02D36B2076A45400C820BD /* Custom Card */ = {
			isa = PBXGroup;
			children = (
				9E02D36F2076A48900C820BD /* NightOwlCard.swift */,
				9E02D36E2076A48900C820BD /* NightOwlCardView.swift */,
				DADE9096209A465B0073144B /* NightOwlCardView.xib */,
			);
			path = "Custom Card";
			sourceTree = "<group>";
		};
		9E0504E42034E9F500011E6A /* Extensions */ = {
			isa = PBXGroup;
			children = (
				9E0504E72034EB0E00011E6A /* UIColorExtensions.swift */,
				DAD0F764208FC54400748E39 /* UIImageExtensions.swift */,
			);
			path = Extensions;
			sourceTree = "<group>";
		};
		9E4544F1203CC54D009A6E0F /* PurchasePathExtension */ = {
			isa = PBXGroup;
			children = (
				DADE90862098DEF00073144B /* BTNCard+SampleCards.h */,
				DADE90872098DEF00073144B /* BTNCard+SampleCards.m */,
				9E09184E20377B3600EB3398 /* SampleExtension.h */,
				9E09184F20377B3600EB3398 /* SampleExtension.m */,
				9E00A93020768B6D007B902E /* CustomCard */,
			);
			path = PurchasePathExtension;
			sourceTree = "<group>";
		};
		9E6A99EF203CC0FA0095C47E /* Objective-C */ = {
			isa = PBXGroup;
			children = (
				DE31D176202BEB95004A29D6 /* Main.storyboard */,
				9E6A99FF203CC0FA0095C47E /* main.m */,
				9E6A99F0203CC0FA0095C47E /* AppDelegate.h */,
				9E6A99F1203CC0FA0095C47E /* AppDelegate.m */,
				9E849B3D203CCBF000064BBE /* MainController.h */,
				9E849B3E203CCBF000064BBE /* MainController.m */,
				9E4544F1203CC54D009A6E0F /* PurchasePathExtension */,
				DADE90922098E3280073144B /* Categories */,
			);
			path = "Objective-C";
			sourceTree = "<group>";
		};
		DADE90892098E1640073144B /* Shared */ = {
			isa = PBXGroup;
			children = (
				DEF421EA20E6E59C00CADBC5 /* ApplicationId.generated.swift */,
				DE31D17B202BEB95004A29D6 /* LaunchScreen.storyboard */,
				DE31D17E202BEB95004A29D6 /* Info.plist */,
				DADE908A2098E1780073144B /* Assets.xcassets */,
				DEF421E920E6E59C00CADBC5 /* ObjC-Demo-Bridging-Header.h */,
			);
			path = Shared;
			sourceTree = "<group>";
		};
		DADE90922098E3280073144B /* Categories */ = {
			isa = PBXGroup;
			children = (
				DADE90932098E3370073144B /* UIColor+HexColors.h */,
				DADE90942098E3370073144B /* UIColor+HexColors.m */,
				DADE909A209A59A40073144B /* UIImage+Resizing.h */,
				DADE909B209A59A40073144B /* UIImage+Resizing.m */,
			);
			path = Categories;
			sourceTree = "<group>";
		};
		DE31D166202BEB95004A29D6 = {
			isa = PBXGroup;
			children = (
				DADE90892098E1640073144B /* Shared */,
				DEF421E020E6C79800CADBC5 /* Source */,
				DE31D170202BEB95004A29D6 /* Products */,
				466E59CE97FC9D098B113B7C /* Pods */,
				0745267377F4D9A8DB78BC04 /* Frameworks */,
			);
			sourceTree = "<group>";
		};
		DE31D170202BEB95004A29D6 /* Products */ = {
			isa = PBXGroup;
			children = (
				DE31D16F202BEB95004A29D6 /* Swift-Demo.app */,
				9E6A99EE203CC0FA0095C47E /* ObjC-Demo.app */,
			);
			name = Products;
			sourceTree = "<group>";
		};
		DE31D171202BEB95004A29D6 /* Swift */ = {
			isa = PBXGroup;
			children = (
				DEF421F620EACB9800CADBC5 /* Main.storyboard */,
				DE31D172202BEB95004A29D6 /* AppDelegate.swift */,
				9E0504E22034BC0500011E6A /* MainController.swift */,
				DE31D184202BEBFC004A29D6 /* PurchasePathExtension */,
				9E0504E42034E9F500011E6A /* Extensions */,
			);
			path = Swift;
			sourceTree = "<group>";
		};
		DE31D184202BEBFC004A29D6 /* PurchasePathExtension */ = {
			isa = PBXGroup;
			children = (
				DAD0F766208FC73100748E39 /* Cards.swift */,
				DE9F3EC6202BECD500B56C7F /* SampleExtension.swift */,
				9E02D36B2076A45400C820BD /* Custom Card */,
			);
			path = PurchasePathExtension;
			sourceTree = "<group>";
		};
		DEF421E020E6C79800CADBC5 /* Source */ = {
			isa = PBXGroup;
			children = (
				DE31D171202BEB95004A29D6 /* Swift */,
				9E6A99EF203CC0FA0095C47E /* Objective-C */,
			);
			path = Source;
			sourceTree = "<group>";
		};
/* End PBXGroup section */

/* Begin PBXNativeTarget section */
		9E6A99ED203CC0FA0095C47E /* ObjC-Demo */ = {
			isa = PBXNativeTarget;
			buildConfigurationList = 9E6A9A01203CC0FA0095C47E /* Build configuration list for PBXNativeTarget "ObjC-Demo" */;
			buildPhases = (
				71E15E49A421411D71ED8CB6 /* [CP] Check Pods Manifest.lock */,
				DEF421E720E6E2FC00CADBC5 /* Environment Vars */,
				9E6A99EA203CC0FA0095C47E /* Sources */,
				9E6A99EB203CC0FA0095C47E /* Frameworks */,
				9E6A99EC203CC0FA0095C47E /* Resources */,
				84D7BBFB7A8E8FB350BBC378 /* [CP] Copy Pods Resources */,
			);
			buildRules = (
			);
			dependencies = (
			);
			name = "ObjC-Demo";
			productName = "ButtonCheckoutExtensions-ObjC";
			productReference = 9E6A99EE203CC0FA0095C47E /* ObjC-Demo.app */;
			productType = "com.apple.product-type.application";
		};
		DE31D16E202BEB95004A29D6 /* Swift-Demo */ = {
			isa = PBXNativeTarget;
			buildConfigurationList = DE31D181202BEB95004A29D6 /* Build configuration list for PBXNativeTarget "Swift-Demo" */;
			buildPhases = (
				AE29BFD0BAE678EF228551CF /* [CP] Check Pods Manifest.lock */,
				DEF421E620E6E2A700CADBC5 /* Environment Vars */,
				DE31D16B202BEB95004A29D6 /* Sources */,
				DE31D16C202BEB95004A29D6 /* Frameworks */,
				DE31D16D202BEB95004A29D6 /* Resources */,
				1B58CA3157C46DD3E06C8A9A /* [CP] Copy Pods Resources */,
			);
			buildRules = (
			);
			dependencies = (
			);
			name = "Swift-Demo";
			productName = ButtonCheckoutExtensions;
			productReference = DE31D16F202BEB95004A29D6 /* Swift-Demo.app */;
			productType = "com.apple.product-type.application";
		};
/* End PBXNativeTarget section */

/* Begin PBXProject section */
		DE31D167202BEB95004A29D6 /* Project object */ = {
			isa = PBXProject;
			attributes = {
				LastSwiftUpdateCheck = 0900;
				LastUpgradeCheck = 0940;
				ORGANIZATIONNAME = Button;
				TargetAttributes = {
					9E6A99ED203CC0FA0095C47E = {
						CreatedOnToolsVersion = 9.2;
						LastSwiftMigration = 0940;
						ProvisioningStyle = Automatic;
					};
					DE31D16E202BEB95004A29D6 = {
						CreatedOnToolsVersion = 9.0;
						ProvisioningStyle = Automatic;
					};
				};
			};
			buildConfigurationList = DE31D16A202BEB95004A29D6 /* Build configuration list for PBXProject "PurchasePath" */;
			compatibilityVersion = "Xcode 8.0";
			developmentRegion = en;
			hasScannedForEncodings = 0;
			knownRegions = (
				en,
				Base,
			);
			mainGroup = DE31D166202BEB95004A29D6;
			productRefGroup = DE31D170202BEB95004A29D6 /* Products */;
			projectDirPath = "";
			projectRoot = "";
			targets = (
				DE31D16E202BEB95004A29D6 /* Swift-Demo */,
				9E6A99ED203CC0FA0095C47E /* ObjC-Demo */,
			);
		};
/* End PBXProject section */

/* Begin PBXResourcesBuildPhase section */
		9E6A99EC203CC0FA0095C47E /* Resources */ = {
			isa = PBXResourcesBuildPhase;
			buildActionMask = 2147483647;
			files = (
				DEF421DE20E6C6F900CADBC5 /* Main.storyboard in Resources */,
				DADE9099209A46910073144B /* NightOwlCardView.xib in Resources */,
				DEF421DF20E6C70700CADBC5 /* LaunchScreen.storyboard in Resources */,
				DADE908C2098E1780073144B /* Assets.xcassets in Resources */,
			);
			runOnlyForDeploymentPostprocessing = 0;
		};
		DE31D16D202BEB95004A29D6 /* Resources */ = {
			isa = PBXResourcesBuildPhase;
			buildActionMask = 2147483647;
			files = (
				DE31D17D202BEB95004A29D6 /* LaunchScreen.storyboard in Resources */,
				DEF421F820EACBA900CADBC5 /* Main.storyboard in Resources */,
				DADE9097209A465B0073144B /* NightOwlCardView.xib in Resources */,
				DADE908B2098E1780073144B /* Assets.xcassets in Resources */,
			);
			runOnlyForDeploymentPostprocessing = 0;
		};
/* End PBXResourcesBuildPhase section */

/* Begin PBXShellScriptBuildPhase section */
		1B58CA3157C46DD3E06C8A9A /* [CP] Copy Pods Resources */ = {
			isa = PBXShellScriptBuildPhase;
			buildActionMask = 2147483647;
			files = (
			);
			inputPaths = (
				"${PODS_ROOT}/Target Support Files/Pods-Swift-Demo/Pods-Swift-Demo-resources.sh",
				"${PODS_ROOT}/../../../Button.bundle",
			);
			name = "[CP] Copy Pods Resources";
			outputPaths = (
				"${TARGET_BUILD_DIR}/${UNLOCALIZED_RESOURCES_FOLDER_PATH}/Button.bundle",
			);
			runOnlyForDeploymentPostprocessing = 0;
			shellPath = /bin/sh;
			shellScript = "\"${PODS_ROOT}/Target Support Files/Pods-Swift-Demo/Pods-Swift-Demo-resources.sh\"\n";
			showEnvVarsInLog = 0;
		};
		71E15E49A421411D71ED8CB6 /* [CP] Check Pods Manifest.lock */ = {
			isa = PBXShellScriptBuildPhase;
			buildActionMask = 2147483647;
			files = (
			);
			inputPaths = (
				"${PODS_PODFILE_DIR_PATH}/Podfile.lock",
				"${PODS_ROOT}/Manifest.lock",
			);
			name = "[CP] Check Pods Manifest.lock";
			outputPaths = (
				"$(DERIVED_FILE_DIR)/Pods-ObjC-Demo-checkManifestLockResult.txt",
			);
			runOnlyForDeploymentPostprocessing = 0;
			shellPath = /bin/sh;
			shellScript = "diff \"${PODS_PODFILE_DIR_PATH}/Podfile.lock\" \"${PODS_ROOT}/Manifest.lock\" > /dev/null\nif [ $? != 0 ] ; then\n    # print error to STDERR\n    echo \"error: The sandbox is not in sync with the Podfile.lock. Run 'pod install' or update your CocoaPods installation.\" >&2\n    exit 1\nfi\n# This output is used by Xcode 'outputs' to avoid re-running this script phase.\necho \"SUCCESS\" > \"${SCRIPT_OUTPUT_FILE_0}\"\n";
			showEnvVarsInLog = 0;
		};
		84D7BBFB7A8E8FB350BBC378 /* [CP] Copy Pods Resources */ = {
			isa = PBXShellScriptBuildPhase;
			buildActionMask = 2147483647;
			files = (
			);
			inputPaths = (
				"${PODS_ROOT}/Target Support Files/Pods-ObjC-Demo/Pods-ObjC-Demo-resources.sh",
				"${PODS_ROOT}/../../../Button.bundle",
			);
			name = "[CP] Copy Pods Resources";
			outputPaths = (
				"${TARGET_BUILD_DIR}/${UNLOCALIZED_RESOURCES_FOLDER_PATH}/Button.bundle",
			);
			runOnlyForDeploymentPostprocessing = 0;
			shellPath = /bin/sh;
			shellScript = "\"${PODS_ROOT}/Target Support Files/Pods-ObjC-Demo/Pods-ObjC-Demo-resources.sh\"\n";
			showEnvVarsInLog = 0;
		};
		AE29BFD0BAE678EF228551CF /* [CP] Check Pods Manifest.lock */ = {
			isa = PBXShellScriptBuildPhase;
			buildActionMask = 2147483647;
			files = (
			);
			inputPaths = (
				"${PODS_PODFILE_DIR_PATH}/Podfile.lock",
				"${PODS_ROOT}/Manifest.lock",
			);
			name = "[CP] Check Pods Manifest.lock";
			outputPaths = (
				"$(DERIVED_FILE_DIR)/Pods-Swift-Demo-checkManifestLockResult.txt",
			);
			runOnlyForDeploymentPostprocessing = 0;
			shellPath = /bin/sh;
			shellScript = "diff \"${PODS_PODFILE_DIR_PATH}/Podfile.lock\" \"${PODS_ROOT}/Manifest.lock\" > /dev/null\nif [ $? != 0 ] ; then\n    # print error to STDERR\n    echo \"error: The sandbox is not in sync with the Podfile.lock. Run 'pod install' or update your CocoaPods installation.\" >&2\n    exit 1\nfi\n# This output is used by Xcode 'outputs' to avoid re-running this script phase.\necho \"SUCCESS\" > \"${SCRIPT_OUTPUT_FILE_0}\"\n";
			showEnvVarsInLog = 0;
		};
		DEF421E620E6E2A700CADBC5 /* Environment Vars */ = {
			isa = PBXShellScriptBuildPhase;
			buildActionMask = 2147483647;
			files = (
			);
			inputPaths = (
			);
			name = "Environment Vars";
			outputPaths = (
			);
			runOnlyForDeploymentPostprocessing = 0;
			shellPath = /bin/sh;
			shellScript = "if [ -f ${SRCROOT}/../../.env-vars.sh ] ; then\n  source ${SRCROOT}/../../.env-vars.sh\nfi\n\n$PODS_ROOT/Sourcery/bin/sourcery --templates .templates/ApplicationId.stencil --sources . --output ${SRCROOT}/Shared --args application_id=$APPLICATION_ID";
		};
		DEF421E720E6E2FC00CADBC5 /* Environment Vars */ = {
			isa = PBXShellScriptBuildPhase;
			buildActionMask = 2147483647;
			files = (
			);
			inputPaths = (
			);
			name = "Environment Vars";
			outputPaths = (
			);
			runOnlyForDeploymentPostprocessing = 0;
			shellPath = /bin/sh;
			shellScript = "if [ -f ${SRCROOT}/../../.env-vars.sh ] ; then\n  source ${SRCROOT}/../../.env-vars.sh\nfi\n\n$PODS_ROOT/Sourcery/bin/sourcery --templates .templates/ApplicationId.stencil --sources . --output ${SRCROOT}/Shared --args application_id=$APPLICATION_ID";
		};
/* End PBXShellScriptBuildPhase section */

/* Begin PBXSourcesBuildPhase section */
		9E6A99EA203CC0FA0095C47E /* Sources */ = {
			isa = PBXSourcesBuildPhase;
			buildActionMask = 2147483647;
			files = (
				DEF421EC20E6E59C00CADBC5 /* ApplicationId.generated.swift in Sources */,
				9E00A93620768C49007B902E /* NightOwlCardView.m in Sources */,
				9E849B3F203CCBF000064BBE /* MainController.m in Sources */,
				9E6A9A00203CC0FA0095C47E /* main.m in Sources */,
				9E00A93320768BEF007B902E /* NightOwlCard.m in Sources */,
				DADE90882098DEF00073144B /* BTNCard+SampleCards.m in Sources */,
				DADE90952098E3370073144B /* UIColor+HexColors.m in Sources */,
				DADE909C209A59A40073144B /* UIImage+Resizing.m in Sources */,
				9E6A99F2203CC0FA0095C47E /* AppDelegate.m in Sources */,
				9E6A9A04203CC1130095C47E /* SampleExtension.m in Sources */,
			);
			runOnlyForDeploymentPostprocessing = 0;
		};
		DE31D16B202BEB95004A29D6 /* Sources */ = {
			isa = PBXSourcesBuildPhase;
			buildActionMask = 2147483647;
			files = (
				9E02D3702076A48A00C820BD /* NightOwlCardView.swift in Sources */,
				9E02D3712076A48A00C820BD /* NightOwlCard.swift in Sources */,
				DE31D173202BEB95004A29D6 /* AppDelegate.swift in Sources */,
				DAD0F767208FC73100748E39 /* Cards.swift in Sources */,
				9E0504E32034BC0500011E6A /* MainController.swift in Sources */,
				DEF421EB20E6E59C00CADBC5 /* ApplicationId.generated.swift in Sources */,
				DE9F3EC7202BECD500B56C7F /* SampleExtension.swift in Sources */,
				9E0504E82034EB0E00011E6A /* UIColorExtensions.swift in Sources */,
				DAD0F765208FC54400748E39 /* UIImageExtensions.swift in Sources */,
			);
			runOnlyForDeploymentPostprocessing = 0;
		};
/* End PBXSourcesBuildPhase section */

/* Begin PBXVariantGroup section */
		DE31D176202BEB95004A29D6 /* Main.storyboard */ = {
			isa = PBXVariantGroup;
			children = (
				DE31D177202BEB95004A29D6 /* Base */,
			);
			name = Main.storyboard;
			sourceTree = "<group>";
		};
		DE31D17B202BEB95004A29D6 /* LaunchScreen.storyboard */ = {
			isa = PBXVariantGroup;
			children = (
				DE31D17C202BEB95004A29D6 /* Base */,
			);
			name = LaunchScreen.storyboard;
			sourceTree = "<group>";
		};
		DEF421F620EACB9800CADBC5 /* Main.storyboard */ = {
			isa = PBXVariantGroup;
			children = (
				DEF421F720EACB9800CADBC5 /* Base */,
			);
			name = Main.storyboard;
			sourceTree = "<group>";
		};
/* End PBXVariantGroup section */

/* Begin XCBuildConfiguration section */
		9E6A9A02203CC0FA0095C47E /* Debug */ = {
			isa = XCBuildConfiguration;
			baseConfigurationReference = 2EAC2A0FC341F35A279325F0 /* Pods-ObjC-Demo.debug.xcconfig */;
			buildSettings = {
				ASSETCATALOG_COMPILER_APPICON_NAME = AppIcon;
				CLANG_ENABLE_MODULES = YES;
				CODE_SIGN_STYLE = Automatic;
				DEVELOPMENT_TEAM = 39F27QYP2C;
				INFOPLIST_FILE = "$(SRCROOT)/Shared/Info.plist";
				LD_RUNPATH_SEARCH_PATHS = "$(inherited) @executable_path/Frameworks";
				PRODUCT_BUNDLE_IDENTIFIER = com.button.purchasePathObjC;
				PRODUCT_NAME = "$(TARGET_NAME)";
				SWIFT_OBJC_BRIDGING_HEADER = "Shared/ObjC-Demo-Bridging-Header.h";
				SWIFT_OPTIMIZATION_LEVEL = "-Onone";
				SWIFT_VERSION = 4.0;
				TARGETED_DEVICE_FAMILY = "1,2";
			};
			name = Debug;
		};
		9E6A9A03203CC0FA0095C47E /* Release */ = {
			isa = XCBuildConfiguration;
			baseConfigurationReference = 0470A60ED3D05D65AEBD5D10 /* Pods-ObjC-Demo.release.xcconfig */;
			buildSettings = {
				ASSETCATALOG_COMPILER_APPICON_NAME = AppIcon;
				CLANG_ENABLE_MODULES = YES;
				CODE_SIGN_STYLE = Automatic;
				DEVELOPMENT_TEAM = 39F27QYP2C;
				INFOPLIST_FILE = "$(SRCROOT)/Shared/Info.plist";
				LD_RUNPATH_SEARCH_PATHS = "$(inherited) @executable_path/Frameworks";
				PRODUCT_BUNDLE_IDENTIFIER = com.button.purchasePathObjC;
				PRODUCT_NAME = "$(TARGET_NAME)";
				SWIFT_OBJC_BRIDGING_HEADER = "Shared/ObjC-Demo-Bridging-Header.h";
				SWIFT_VERSION = 4.0;
				TARGETED_DEVICE_FAMILY = "1,2";
			};
			name = Release;
		};
		DE31D17F202BEB95004A29D6 /* Debug */ = {
			isa = XCBuildConfiguration;
			buildSettings = {
				ALWAYS_SEARCH_USER_PATHS = NO;
				CLANG_ANALYZER_NONNULL = YES;
				CLANG_ANALYZER_NUMBER_OBJECT_CONVERSION = YES_AGGRESSIVE;
				CLANG_CXX_LANGUAGE_STANDARD = "gnu++14";
				CLANG_CXX_LIBRARY = "libc++";
				CLANG_ENABLE_MODULES = YES;
				CLANG_ENABLE_OBJC_ARC = YES;
				CLANG_WARN_BLOCK_CAPTURE_AUTORELEASING = YES;
				CLANG_WARN_BOOL_CONVERSION = YES;
				CLANG_WARN_COMMA = YES;
				CLANG_WARN_CONSTANT_CONVERSION = YES;
				CLANG_WARN_DEPRECATED_OBJC_IMPLEMENTATIONS = YES;
				CLANG_WARN_DIRECT_OBJC_ISA_USAGE = YES_ERROR;
				CLANG_WARN_DOCUMENTATION_COMMENTS = YES;
				CLANG_WARN_EMPTY_BODY = YES;
				CLANG_WARN_ENUM_CONVERSION = YES;
				CLANG_WARN_INFINITE_RECURSION = YES;
				CLANG_WARN_INT_CONVERSION = YES;
				CLANG_WARN_NON_LITERAL_NULL_CONVERSION = YES;
				CLANG_WARN_OBJC_IMPLICIT_RETAIN_SELF = YES;
				CLANG_WARN_OBJC_LITERAL_CONVERSION = YES;
				CLANG_WARN_OBJC_ROOT_CLASS = YES_ERROR;
				CLANG_WARN_RANGE_LOOP_ANALYSIS = YES;
				CLANG_WARN_STRICT_PROTOTYPES = YES;
				CLANG_WARN_SUSPICIOUS_MOVE = YES;
				CLANG_WARN_UNGUARDED_AVAILABILITY = YES_AGGRESSIVE;
				CLANG_WARN_UNREACHABLE_CODE = YES;
				CLANG_WARN__DUPLICATE_METHOD_MATCH = YES;
				CODE_SIGN_IDENTITY = "iPhone Developer";
				COPY_PHASE_STRIP = NO;
				DEBUG_INFORMATION_FORMAT = dwarf;
				ENABLE_STRICT_OBJC_MSGSEND = YES;
				ENABLE_TESTABILITY = YES;
				GCC_C_LANGUAGE_STANDARD = gnu11;
				GCC_DYNAMIC_NO_PIC = NO;
				GCC_NO_COMMON_BLOCKS = YES;
				GCC_OPTIMIZATION_LEVEL = 0;
				GCC_PREPROCESSOR_DEFINITIONS = (
					"DEBUG=1",
					"$(inherited)",
				);
				GCC_WARN_64_TO_32_BIT_CONVERSION = YES;
				GCC_WARN_ABOUT_RETURN_TYPE = YES_ERROR;
				GCC_WARN_UNDECLARED_SELECTOR = YES;
				GCC_WARN_UNINITIALIZED_AUTOS = YES_AGGRESSIVE;
				GCC_WARN_UNUSED_FUNCTION = YES;
				GCC_WARN_UNUSED_VARIABLE = YES;
				IPHONEOS_DEPLOYMENT_TARGET = 9.0;
				MTL_ENABLE_DEBUG_INFO = YES;
				ONLY_ACTIVE_ARCH = YES;
				SDKROOT = iphoneos;
				SWIFT_ACTIVE_COMPILATION_CONDITIONS = DEBUG;
				SWIFT_OPTIMIZATION_LEVEL = "-Onone";
			};
			name = Debug;
		};
		DE31D180202BEB95004A29D6 /* Release */ = {
			isa = XCBuildConfiguration;
			buildSettings = {
				ALWAYS_SEARCH_USER_PATHS = NO;
				CLANG_ANALYZER_NONNULL = YES;
				CLANG_ANALYZER_NUMBER_OBJECT_CONVERSION = YES_AGGRESSIVE;
				CLANG_CXX_LANGUAGE_STANDARD = "gnu++14";
				CLANG_CXX_LIBRARY = "libc++";
				CLANG_ENABLE_MODULES = YES;
				CLANG_ENABLE_OBJC_ARC = YES;
				CLANG_WARN_BLOCK_CAPTURE_AUTORELEASING = YES;
				CLANG_WARN_BOOL_CONVERSION = YES;
				CLANG_WARN_COMMA = YES;
				CLANG_WARN_CONSTANT_CONVERSION = YES;
				CLANG_WARN_DEPRECATED_OBJC_IMPLEMENTATIONS = YES;
				CLANG_WARN_DIRECT_OBJC_ISA_USAGE = YES_ERROR;
				CLANG_WARN_DOCUMENTATION_COMMENTS = YES;
				CLANG_WARN_EMPTY_BODY = YES;
				CLANG_WARN_ENUM_CONVERSION = YES;
				CLANG_WARN_INFINITE_RECURSION = YES;
				CLANG_WARN_INT_CONVERSION = YES;
				CLANG_WARN_NON_LITERAL_NULL_CONVERSION = YES;
				CLANG_WARN_OBJC_IMPLICIT_RETAIN_SELF = YES;
				CLANG_WARN_OBJC_LITERAL_CONVERSION = YES;
				CLANG_WARN_OBJC_ROOT_CLASS = YES_ERROR;
				CLANG_WARN_RANGE_LOOP_ANALYSIS = YES;
				CLANG_WARN_STRICT_PROTOTYPES = YES;
				CLANG_WARN_SUSPICIOUS_MOVE = YES;
				CLANG_WARN_UNGUARDED_AVAILABILITY = YES_AGGRESSIVE;
				CLANG_WARN_UNREACHABLE_CODE = YES;
				CLANG_WARN__DUPLICATE_METHOD_MATCH = YES;
				CODE_SIGN_IDENTITY = "iPhone Developer";
				COPY_PHASE_STRIP = NO;
				DEBUG_INFORMATION_FORMAT = "dwarf-with-dsym";
				ENABLE_NS_ASSERTIONS = NO;
				ENABLE_STRICT_OBJC_MSGSEND = YES;
				GCC_C_LANGUAGE_STANDARD = gnu11;
				GCC_NO_COMMON_BLOCKS = YES;
				GCC_WARN_64_TO_32_BIT_CONVERSION = YES;
				GCC_WARN_ABOUT_RETURN_TYPE = YES_ERROR;
				GCC_WARN_UNDECLARED_SELECTOR = YES;
				GCC_WARN_UNINITIALIZED_AUTOS = YES_AGGRESSIVE;
				GCC_WARN_UNUSED_FUNCTION = YES;
				GCC_WARN_UNUSED_VARIABLE = YES;
				IPHONEOS_DEPLOYMENT_TARGET = 9.0;
				MTL_ENABLE_DEBUG_INFO = NO;
				SDKROOT = iphoneos;
				SWIFT_OPTIMIZATION_LEVEL = "-Owholemodule";
				VALIDATE_PRODUCT = YES;
			};
			name = Release;
		};
		DE31D182202BEB95004A29D6 /* Debug */ = {
			isa = XCBuildConfiguration;
			baseConfigurationReference = 7E5A78B1C087476E4FF4DB67 /* Pods-Swift-Demo.debug.xcconfig */;
			buildSettings = {
				ASSETCATALOG_COMPILER_APPICON_NAME = AppIcon;
				CODE_SIGN_STYLE = Automatic;
				DEVELOPMENT_TEAM = 39F27QYP2C;
				INFOPLIST_FILE = "$(SRCROOT)/Shared/Info.plist";
				LD_RUNPATH_SEARCH_PATHS = "$(inherited) @executable_path/Frameworks";
				PRODUCT_BUNDLE_IDENTIFIER = com.usebutton.purchasePathSwift;
				PRODUCT_NAME = "$(TARGET_NAME)";
				SWIFT_VERSION = 4.0;
				TARGETED_DEVICE_FAMILY = "1,2";
			};
			name = Debug;
		};
		DE31D183202BEB95004A29D6 /* Release */ = {
			isa = XCBuildConfiguration;
			baseConfigurationReference = 95F338C605AC69C8E4B1918B /* Pods-Swift-Demo.release.xcconfig */;
			buildSettings = {
				ASSETCATALOG_COMPILER_APPICON_NAME = AppIcon;
				CODE_SIGN_STYLE = Automatic;
				DEVELOPMENT_TEAM = 39F27QYP2C;
				INFOPLIST_FILE = "$(SRCROOT)/Shared/Info.plist";
				LD_RUNPATH_SEARCH_PATHS = "$(inherited) @executable_path/Frameworks";
				PRODUCT_BUNDLE_IDENTIFIER = com.usebutton.purchasePathSwift;
				PRODUCT_NAME = "$(TARGET_NAME)";
				SWIFT_VERSION = 4.0;
				TARGETED_DEVICE_FAMILY = "1,2";
			};
			name = Release;
		};
/* End XCBuildConfiguration section */

/* Begin XCConfigurationList section */
		9E6A9A01203CC0FA0095C47E /* Build configuration list for PBXNativeTarget "ObjC-Demo" */ = {
			isa = XCConfigurationList;
			buildConfigurations = (
				9E6A9A02203CC0FA0095C47E /* Debug */,
				9E6A9A03203CC0FA0095C47E /* Release */,
			);
			defaultConfigurationIsVisible = 0;
			defaultConfigurationName = Release;
		};
		DE31D16A202BEB95004A29D6 /* Build configuration list for PBXProject "PurchasePath" */ = {
			isa = XCConfigurationList;
			buildConfigurations = (
				DE31D17F202BEB95004A29D6 /* Debug */,
				DE31D180202BEB95004A29D6 /* Release */,
			);
			defaultConfigurationIsVisible = 0;
			defaultConfigurationName = Release;
		};
		DE31D181202BEB95004A29D6 /* Build configuration list for PBXNativeTarget "Swift-Demo" */ = {
			isa = XCConfigurationList;
			buildConfigurations = (
				DE31D182202BEB95004A29D6 /* Debug */,
				DE31D183202BEB95004A29D6 /* Release */,
			);
			defaultConfigurationIsVisible = 0;
			defaultConfigurationName = Release;
		};
/* End XCConfigurationList section */
	};
	rootObject = DE31D167202BEB95004A29D6 /* Project object */;
}
