PODS:
  - Button (6.5.0)
  - Sourcery (0.13.1)

DEPENDENCIES:
  - Button (from `../../`)
  - Sourcery

SPEC REPOS:
  https://github.com/cocoapods/specs.git:
    - Sourcery

EXTERNAL SOURCES:
  Button:
    :path: "../../"

SPEC CHECKSUMS:
  Button: 296eb66bf3eb9c9232ed1e83dd939ca899477528
  Sourcery: 9ef51b8777516f204d82996441f293813158d0d7

PODFILE CHECKSUM: cfe49ec404de013101464b212c5af9e01a870d7d

COCOAPODS: 1.5.3
