PODS:
  - Button (6.8.0-build.146)
  - Sourcery (0.13.1)

DEPENDENCIES:
  - Button (from `../../`)
  - Sourcery

SPEC REPOS:
  https://github.com/cocoapods/specs.git:
    - Sourcery

EXTERNAL SOURCES:
  Button:
    :path: "../../"

SPEC CHECKSUMS:
  Button: ca093c404e4a62b5574404e62a22d5cb16b5a383
  Sourcery: 9ef51b8777516f204d82996441f293813158d0d7

PODFILE CHECKSUM: cfe49ec404de013101464b212c5af9e01a870d7d

COCOAPODS: 1.5.3
